PODS:
  - Alamofire (2.0.0)
  - AlamofireObjectMapper (0.9):
    - Alamofire (= 2.0.0)
    - ObjectMapper (= 0.17)
  - Nimble (2.0.0-rc.3)
  - ObjectMapper (0.17)
  - PivotalCoreKit (0.3.0):
    - PivotalCoreKit/Core (= 0.3.0)
  - PivotalCoreKit/Core (0.3.0):
    - PivotalCoreKit/Foundation/Core
    - PivotalCoreKit/UIKit/Core
  - PivotalCoreKit/Foundation/Core (0.3.0)
  - PivotalCoreKit/UIKit/Core (0.3.0):
    - PivotalCoreKit/UIKit/Core/Core-arc (= 0.3.0)
  - PivotalCoreKit/UIKit/Core/Core-arc (0.3.0)
  - PivotalCoreKit/UIKit/SpecHelper/Extensions (0.3.0):
    - PivotalCoreKit/UIKit/SpecHelper/Support
  - PivotalCoreKit/UIKit/SpecHelper/Support (0.3.0)
  - Quick (0.6.0)

DEPENDENCIES:
  - Alamofire (= 2.0)
  - AlamofireObjectMapper (= 0.9)
  - Nimble (= 2.0.0-rc.3)
  - PivotalCoreKit (= 0.3.0)
  - PivotalCoreKit/UIKit/SpecHelper/Extensions
  - Quick (= 0.6.0)

SPEC CHECKSUMS:
  Alamofire: 2f13548b29d25a58ecd91c9225fb51493e2b782b
  AlamofireObjectMapper: 263915f1960f5a5bf00bdb921ceb5b8673e901d4
  Nimble: 9dff98ee195ffe7351d3b2fb01d3a1420fd97948
  ObjectMapper: fa286b7cb5a398f1b0d8d64d0dd33fd1b307022c
  PivotalCoreKit: 3dab7cf9bff77eb49ce7ffc7a84e57fa8591f033
  Quick: 563686dbcf0ae0f9f7401ac9cd2d786ee1b7f3d7

COCOAPODS: 0.38.2
