PODS:
  - Alamofire (4.0.0)
  - AlamofireImage (3.0.0):
    - Alamofire (~> 4.0)
  - AlamofireObjectMapper (4.0.0):
    - Alamofire (~> 4.0)
    - ObjectMapper (~> 2.0)
  - Crashlytics (3.8.2):
    - Fabric (~> 1.6.3)
  - Fabric (1.6.8)
  - IQKeyboardManagerSwift (4.0.6)
  - MBProgressHUD (1.0.0)
  - Nimble (5.0.0)
  - ObjectMapper (2.0.0)
  - PivotalCoreKit (0.3.2):
    - PivotalCoreKit/Core (= 0.3.2)
  - PivotalCoreKit/Core (0.3.2):
    - PivotalCoreKit/Foundation/Core
    - PivotalCoreKit/UIKit/Core
  - PivotalCoreKit/Foundation/Core (0.3.2)
  - PivotalCoreKit/UIKit/Core (0.3.2):
    - PivotalCoreKit/UIKit/Core/Core-arc (= 0.3.2)
  - PivotalCoreKit/UIKit/Core/Core-arc (0.3.2)
  - PivotalCoreKit/UIKit/SpecHelper/Extensions (0.3.2):
    - PivotalCoreKit/UIKit/SpecHelper/Support
  - PivotalCoreKit/UIKit/SpecHelper/Support (0.3.2)
  - Quick (0.10.0)
  - ReachabilitySwift (3)
  - SnapKit (3.0.1)
  - TransitionKit (2.2.1)

DEPENDENCIES:
  - Alamofire (= 4.0.0)
  - AlamofireImage (= 3.0.0)
  - AlamofireObjectMapper (= 4.0.0)
  - Crashlytics (= 3.8.2)
  - Fabric (= 1.6.8)
  - IQKeyboardManagerSwift (= 4.0.6)
  - MBProgressHUD (= 1.0.0)
  - Nimble (= 5.0.0)
  - PivotalCoreKit (= 0.3.2)
  - PivotalCoreKit/UIKit/SpecHelper/Extensions
  - Quick (= 0.10.0)
  - ReachabilitySwift (= 3)
  - SnapKit (= 3.0.1)
  - TransitionKit (= 2.2.1)

SPEC CHECKSUMS:
  Alamofire: fef59f00388f267e52d9b432aa5d93dc97190f14
  AlamofireImage: 6594aa1139a67dcd36cde6da79ea4e5b318e60fb
  AlamofireObjectMapper: 9faa3ce5a240efda1b209009a2d6e1e949227abc
  Crashlytics: 27acca95a01b042a8294291dd6dff27f8f6af6d7
  Fabric: 5755268d0171435ab167e3d0878a28a777deaf10
  IQKeyboardManagerSwift: b3015e819559ca76381f87a0833f44d178564603
  MBProgressHUD: 4890f671c94e8a0f3cf959aa731e9de2f036d71a
  Nimble: 56fc9f5020effa2206de22c3dd910f4fb011b92f
  ObjectMapper: aed2570edabbd3c9b26c939e1cabdb6558f933e0
  PivotalCoreKit: 6a850f72593da33bedd9b53fb03ac68b37c47e72
  Quick: 5d290df1c69d5ee2f0729956dcf0fd9a30447eaa
  ReachabilitySwift: f5b9bb30a0777fac8f09ce8b067e32faeb29bb64
  SnapKit: f818b8326d45b4e1c777d0ab27b5c0a3624bfdeb
  TransitionKit: 9ceccda4cd0cdc0a05ef85eb235e5a3292c3c250

PODFILE CHECKSUM: a829864471264a3d3629370b30060bf9e48c9b9a

COCOAPODS: 1.1.1
