// !$*UTF8*$!
{
	archiveVersion = 1;
	classes = {
	};
	objectVersion = 46;
	objects = {

/* Begin PBXBuildFile section */
		01937E5EB89C54E6045C76F1 /* Pods_ShortTrips.framework in Frameworks */ = {isa = PBXBuildFile; fileRef = 81AB3E7D2C8CBBF8AF294E13 /* Pods_ShortTrips.framework */; settings = {ATTRIBUTES = (Weak, ); }; };
		5062C2B0F9B113B3BD8778A1 /* Pods_ShortTripsTests.framework in Frameworks */ = {isa = PBXBuildFile; fileRef = 9F853EB5ED3B732FCC78F3D1 /* Pods_ShortTripsTests.framework */; settings = {ATTRIBUTES = (Weak, ); }; };
		C200BE211BA8C21600B7F56F /* TerminalView.swift in Sources */ = {isa = PBXBuildFile; fileRef = C200BE201BA8C21600B7F56F /* TerminalView.swift */; };
		C200BE231BA8D05D00B7F56F /* TimerView.swift in Sources */ = {isa = PBXBuildFile; fileRef = C200BE221BA8D05D00B7F56F /* TimerView.swift */; };
		C200BE271BA8D3A300B7F56F /* HourPickerView.swift in Sources */ = {isa = PBXBuildFile; fileRef = C200BE261BA8D3A300B7F56F /* HourPickerView.swift */; };
		C207D6FC1BAB86D800273374 /* FlightStatusView.swift in Sources */ = {isa = PBXBuildFile; fileRef = C207D6FB1BAB86D800273374 /* FlightStatusView.swift */; settings = {ASSET_TAGS = (); }; };
		C20A53021BB36D04001D1F90 /* AirlineClient.swift in Sources */ = {isa = PBXBuildFile; fileRef = C20A53011BB36D04001D1F90 /* AirlineClient.swift */; settings = {ASSET_TAGS = (); }; };
		C21775F91BB08CAC008B24EA /* Color.swift in Sources */ = {isa = PBXBuildFile; fileRef = C21775F81BB08CAC008B24EA /* Color.swift */; settings = {ASSET_TAGS = (); }; };
		C21905681BB0B74E00A3E779 /* Url.swift in Sources */ = {isa = PBXBuildFile; fileRef = C21905671BB0B74E00A3E779 /* Url.swift */; settings = {ASSET_TAGS = (); }; };
		C219056A1BB0C87200A3E779 /* DeviceClient.swift in Sources */ = {isa = PBXBuildFile; fileRef = C21905691BB0C87200A3E779 /* DeviceClient.swift */; settings = {ASSET_TAGS = (); }; };
		C23315851BB472490079B916 /* Airline.swift in Sources */ = {isa = PBXBuildFile; fileRef = C23315841BB472490079B916 /* Airline.swift */; settings = {ASSET_TAGS = (); }; };
		C24486F01BA89DF200A19A9D /* GeofenceListResponse.swift in Sources */ = {isa = PBXBuildFile; fileRef = C24486EF1BA89DF200A19A9D /* GeofenceListResponse.swift */; };
		C24486F21BA89EA800A19A9D /* AllGeofencesResponse.swift in Sources */ = {isa = PBXBuildFile; fileRef = C24486F11BA89EA800A19A9D /* AllGeofencesResponse.swift */; };
		C24486F41BA8B5A300A19A9D /* GeofenceResponse.swift in Sources */ = {isa = PBXBuildFile; fileRef = C24486F31BA8B5A300A19A9D /* GeofenceResponse.swift */; };
		C2635E261BB0CA3F003C22B1 /* DispatcherClient.swift in Sources */ = {isa = PBXBuildFile; fileRef = C2635E251BB0CA3F003C22B1 /* DispatcherClient.swift */; settings = {ASSET_TAGS = (); }; };
		C2635E2A1BB0CC86003C22B1 /* FlightClient.swift in Sources */ = {isa = PBXBuildFile; fileRef = C2635E291BB0CC86003C22B1 /* FlightClient.swift */; settings = {ASSET_TAGS = (); }; };
		C2635E2C1BB0CCE4003C22B1 /* DriverClient.swift in Sources */ = {isa = PBXBuildFile; fileRef = C2635E2B1BB0CCE4003C22B1 /* DriverClient.swift */; settings = {ASSET_TAGS = (); }; };
		C2635E2E1BB0CD9A003C22B1 /* ReferenceClient.swift in Sources */ = {isa = PBXBuildFile; fileRef = C2635E2D1BB0CD9A003C22B1 /* ReferenceClient.swift */; settings = {ASSET_TAGS = (); }; };
		C2635E301BB0CE1C003C22B1 /* GeofenceClient.swift in Sources */ = {isa = PBXBuildFile; fileRef = C2635E2F1BB0CE1C003C22B1 /* GeofenceClient.swift */; settings = {ASSET_TAGS = (); }; };
		C27450BA1BB4985E00D33CDD /* AirlineListWrapper.swift in Sources */ = {isa = PBXBuildFile; fileRef = C27450B91BB4985E00D33CDD /* AirlineListWrapper.swift */; settings = {ASSET_TAGS = (); }; };
		C27450BC1BB4988200D33CDD /* AirlineListResponse.swift in Sources */ = {isa = PBXBuildFile; fileRef = C27450BB1BB4988200D33CDD /* AirlineListResponse.swift */; settings = {ASSET_TAGS = (); }; };
		C28224621BB09A8A007F284F /* MyriadPro-Semibold.otf in Resources */ = {isa = PBXBuildFile; fileRef = E1CDE76C1B66E95E00AB27D2 /* MyriadPro-Semibold.otf */; };
		C28224631BB09A8A007F284F /* MyriadPro-Regular.otf in Resources */ = {isa = PBXBuildFile; fileRef = E1CDE76D1B66E95E00AB27D2 /* MyriadPro-Regular.otf */; };
		C28224641BB09A8A007F284F /* MyriadPro-Bold.otf in Resources */ = {isa = PBXBuildFile; fileRef = E1CDE7801B66E95E00AB27D2 /* MyriadPro-Bold.otf */; };
		C28224661BB09BCB007F284F /* TerminalSummaryVCSpec.swift in Sources */ = {isa = PBXBuildFile; fileRef = C28224651BB09BCB007F284F /* TerminalSummaryVCSpec.swift */; settings = {ASSET_TAGS = (); }; };
		C28224681BB09C32007F284F /* FlightStatusVCSpec.swift in Sources */ = {isa = PBXBuildFile; fileRef = C28224671BB09C32007F284F /* FlightStatusVCSpec.swift */; settings = {ASSET_TAGS = (); }; };
		C2897A941BB5E6ED00FE1B40 /* AirlineClientSpec.swift in Sources */ = {isa = PBXBuildFile; fileRef = C2897A931BB5E6ED00FE1B40 /* AirlineClientSpec.swift */; settings = {ASSET_TAGS = (); }; };
		C2B15ADF1BBB16010049B97C /* Image.swift in Sources */ = {isa = PBXBuildFile; fileRef = C2B15ADE1BBB16010049B97C /* Image.swift */; settings = {ASSET_TAGS = (); }; };
		C2B667111BA7577600BA28E2 /* DashboardView.swift in Sources */ = {isa = PBXBuildFile; fileRef = C2B667101BA7577600BA28E2 /* DashboardView.swift */; };
		C2B667291BA7833400BA28E2 /* TerminalSummaryView.swift in Sources */ = {isa = PBXBuildFile; fileRef = C2B667281BA7833400BA28E2 /* TerminalSummaryView.swift */; };
		C2DA57771BA34451000875D7 /* DashboardVCSpec.swift in Sources */ = {isa = PBXBuildFile; fileRef = C2DA57761BA34451000875D7 /* DashboardVCSpec.swift */; };
		C2DFE5C81B56D2CB0090B55F /* AppDelegate.swift in Sources */ = {isa = PBXBuildFile; fileRef = C2DFE5C71B56D2CB0090B55F /* AppDelegate.swift */; };
		C2DFE5CA1B56D2CB0090B55F /* DashboardVC.swift in Sources */ = {isa = PBXBuildFile; fileRef = C2DFE5C91B56D2CB0090B55F /* DashboardVC.swift */; };
		C2DFE5CF1B56D2CB0090B55F /* Images.xcassets in Resources */ = {isa = PBXBuildFile; fileRef = C2DFE5CE1B56D2CB0090B55F /* Images.xcassets */; };
		C2DFE5D21B56D2CB0090B55F /* LaunchScreen.xib in Resources */ = {isa = PBXBuildFile; fileRef = C2DFE5D01B56D2CB0090B55F /* LaunchScreen.xib */; };
		E108B1751BA7C1DE00481AF1 /* ReferenceConfig.swift in Sources */ = {isa = PBXBuildFile; fileRef = E108B1741BA7C1DE00481AF1 /* ReferenceConfig.swift */; };
		E112C3031BB2FD2500B1DF48 /* GeofenceSpec.swift in Sources */ = {isa = PBXBuildFile; fileRef = E112C3021BB2FD2500B1DF48 /* GeofenceSpec.swift */; settings = {ASSET_TAGS = (); }; };
		E112C3051BB2FF0100B1DF48 /* GeofenceResponseSpec.swift in Sources */ = {isa = PBXBuildFile; fileRef = E112C3041BB2FF0100B1DF48 /* GeofenceResponseSpec.swift */; settings = {ASSET_TAGS = (); }; };
		E112C3071BB2FFC400B1DF48 /* GeofenceListResponseSpec.swift in Sources */ = {isa = PBXBuildFile; fileRef = E112C3061BB2FFC400B1DF48 /* GeofenceListResponseSpec.swift */; settings = {ASSET_TAGS = (); }; };
		E112C3091BB3016C00B1DF48 /* AllGeofencesResponseSpec.swift in Sources */ = {isa = PBXBuildFile; fileRef = E112C3081BB3016C00B1DF48 /* AllGeofencesResponseSpec.swift */; settings = {ASSET_TAGS = (); }; };
		E112C30C1BB3135600B1DF48 /* LotStatusEnumSpec.swift in Sources */ = {isa = PBXBuildFile; fileRef = E112C30B1BB3135600B1DF48 /* LotStatusEnumSpec.swift */; settings = {ASSET_TAGS = (); }; };
		E112C30E1BB3195500B1DF48 /* LotStatusSpec.swift in Sources */ = {isa = PBXBuildFile; fileRef = E112C30D1BB3195500B1DF48 /* LotStatusSpec.swift */; settings = {ASSET_TAGS = (); }; };
		E112C3101BB31A5800B1DF48 /* LotStatusResponseSpec.swift in Sources */ = {isa = PBXBuildFile; fileRef = E112C30F1BB31A5800B1DF48 /* LotStatusResponseSpec.swift */; settings = {ASSET_TAGS = (); }; };
		E11D60971BA7A40100FD4276 /* Geofence.swift in Sources */ = {isa = PBXBuildFile; fileRef = E11D60961BA7A40100FD4276 /* Geofence.swift */; };
		E122649E1B795A65002B36CA /* Localizable.strings in Resources */ = {isa = PBXBuildFile; fileRef = E12264A01B795A65002B36CA /* Localizable.strings */; };
		E13BCEF11BABB426006FDFF5 /* FlightsForTerminalResponse.swift in Sources */ = {isa = PBXBuildFile; fileRef = E13BCEF01BABB426006FDFF5 /* FlightsForTerminalResponse.swift */; settings = {ASSET_TAGS = (); }; };
		E13BCEF31BABB733006FDFF5 /* FlightDetailResponse.swift in Sources */ = {isa = PBXBuildFile; fileRef = E13BCEF21BABB733006FDFF5 /* FlightDetailResponse.swift */; settings = {ASSET_TAGS = (); }; };
		E13BCEF61BABB8F1006FDFF5 /* TerminalSummaryResponse.swift in Sources */ = {isa = PBXBuildFile; fileRef = E13BCEF51BABB8F1006FDFF5 /* TerminalSummaryResponse.swift */; settings = {ASSET_TAGS = (); }; };
		E13BCEF81BABB985006FDFF5 /* TerminalSummaryArrivalsResponse.swift in Sources */ = {isa = PBXBuildFile; fileRef = E13BCEF71BABB985006FDFF5 /* TerminalSummaryArrivalsResponse.swift */; settings = {ASSET_TAGS = (); }; };
		E13BCEFA1BABBAA1006FDFF5 /* TerminalSummaryArrivalsListResponse.swift in Sources */ = {isa = PBXBuildFile; fileRef = E13BCEF91BABBAA1006FDFF5 /* TerminalSummaryArrivalsListResponse.swift */; settings = {ASSET_TAGS = (); }; };
		E13F40981B7D39C200A98B99 /* TerminalSummaryVC.swift in Sources */ = {isa = PBXBuildFile; fileRef = E13F40971B7D39C200A98B99 /* TerminalSummaryVC.swift */; };
		E145E64B1B87A590003D1870 /* UIImage+initWithColor.swift in Sources */ = {isa = PBXBuildFile; fileRef = E145E64A1B87A590003D1870 /* UIImage+initWithColor.swift */; };
		E14E159B1BB1D856009D1E17 /* AntennaSpec.swift in Sources */ = {isa = PBXBuildFile; fileRef = E14E159A1BB1D856009D1E17 /* AntennaSpec.swift */; settings = {ASSET_TAGS = (); }; };
		E14E159E1BB1DA9F009D1E17 /* AntennaResponseSpec.swift in Sources */ = {isa = PBXBuildFile; fileRef = E14E159D1BB1DA9F009D1E17 /* AntennaResponseSpec.swift */; settings = {ASSET_TAGS = (); }; };
		E1598CE41BB1ACB100E933AD /* FlightSpec.swift in Sources */ = {isa = PBXBuildFile; fileRef = E1598CE31BB1ACB100E933AD /* FlightSpec.swift */; settings = {ASSET_TAGS = (); }; };
		E1598CE61BB1AE3B00E933AD /* FlightDetailResponseSpec.swift in Sources */ = {isa = PBXBuildFile; fileRef = E1598CE51BB1AE3B00E933AD /* FlightDetailResponseSpec.swift */; settings = {ASSET_TAGS = (); }; };
		E15A3CD31BAC86C6002EDE40 /* Credential.swift in Sources */ = {isa = PBXBuildFile; fileRef = E15A3CD21BAC86C6002EDE40 /* Credential.swift */; settings = {ASSET_TAGS = (); }; };
		E16399D51BA7B99400EDE0AE /* Driver.swift in Sources */ = {isa = PBXBuildFile; fileRef = E16399D41BA7B99400EDE0AE /* Driver.swift */; };
		E1666F991BA8D25600C95F96 /* DriverResponse.swift in Sources */ = {isa = PBXBuildFile; fileRef = E1666F981BA8D25600C95F96 /* DriverResponse.swift */; };
		E16E5E161BB1B690003A315A /* FlightStatusSpec.swift in Sources */ = {isa = PBXBuildFile; fileRef = E16E5E151BB1B690003A315A /* FlightStatusSpec.swift */; settings = {ASSET_TAGS = (); }; };
		E17352851B8CEC9B0031950B /* UiHelpers.swift in Sources */ = {isa = PBXBuildFile; fileRef = E17352841B8CEC9B0031950B /* UiHelpers.swift */; };
		E17C22F11BBC4B8900E40E6C /* TerminalSummarySpec.swift in Sources */ = {isa = PBXBuildFile; fileRef = E17C22F01BBC4B8900E40E6C /* TerminalSummarySpec.swift */; settings = {ASSET_TAGS = (); }; };
		E17C22F31BBC505A00E40E6C /* TerminalSummaryArrivalsListResponseSpec.swift in Sources */ = {isa = PBXBuildFile; fileRef = E17C22F21BBC505A00E40E6C /* TerminalSummaryArrivalsListResponseSpec.swift */; settings = {ASSET_TAGS = (); }; };
		E17C22F51BBC61F000E40E6C /* TerminalSummaryResponseSpec.swift in Sources */ = {isa = PBXBuildFile; fileRef = E17C22F41BBC61F000E40E6C /* TerminalSummaryResponseSpec.swift */; settings = {ASSET_TAGS = (); }; };
		E17C22F71BBC621300E40E6C /* TerminalSummaryArrivalsResponse.swift in Sources */ = {isa = PBXBuildFile; fileRef = E17C22F61BBC621300E40E6C /* TerminalSummaryArrivalsResponse.swift */; settings = {ASSET_TAGS = (); }; };
		E18736891BA8E7D800B6C7D8 /* AntennaResponse.swift in Sources */ = {isa = PBXBuildFile; fileRef = E18736881BA8E7D800B6C7D8 /* AntennaResponse.swift */; };
		E187368C1BA8EA0900B6C7D8 /* AllCidsResponse.swift in Sources */ = {isa = PBXBuildFile; fileRef = E187368B1BA8EA0900B6C7D8 /* AllCidsResponse.swift */; };
		E187368E1BA8EADE00B6C7D8 /* CidListResponse.swift in Sources */ = {isa = PBXBuildFile; fileRef = E187368D1BA8EADE00B6C7D8 /* CidListResponse.swift */; };
		E18736901BA8EBED00B6C7D8 /* CidResponse.swift in Sources */ = {isa = PBXBuildFile; fileRef = E187368F1BA8EBED00B6C7D8 /* CidResponse.swift */; };
		E18FF68D1BA8667500FE93B9 /* AutomaticVehicleId.swift in Sources */ = {isa = PBXBuildFile; fileRef = E18FF68C1BA8667500FE93B9 /* AutomaticVehicleId.swift */; };
		E18FF68F1BA869A300FE93B9 /* Antenna.swift in Sources */ = {isa = PBXBuildFile; fileRef = E18FF68E1BA869A300FE93B9 /* Antenna.swift */; };
		E18FF6911BA870AF00FE93B9 /* Cid.swift in Sources */ = {isa = PBXBuildFile; fileRef = E18FF6901BA870AF00FE93B9 /* Cid.swift */; };
		E18FF6931BA877C000FE93B9 /* TripState.swift in Sources */ = {isa = PBXBuildFile; fileRef = E18FF6921BA877C000FE93B9 /* TripState.swift */; };
		E18FF6951BA8783600FE93B9 /* MobileStateChange.swift in Sources */ = {isa = PBXBuildFile; fileRef = E18FF6941BA8783600FE93B9 /* MobileStateChange.swift */; };
		E18FFE291BB19ED2003D192A /* FlightsForTerminalResponseSpec.swift in Sources */ = {isa = PBXBuildFile; fileRef = E18FFE281BB19ED2003D192A /* FlightsForTerminalResponseSpec.swift */; settings = {ASSET_TAGS = (); }; };
		E1A2EBA01B6BEF3900C27EB2 /* FlightStatusVC.swift in Sources */ = {isa = PBXBuildFile; fileRef = E1A2EB9F1B6BEF3900C27EB2 /* FlightStatusVC.swift */; };
		E1A2EBA91B6D747F00C27EB2 /* Flight.swift in Sources */ = {isa = PBXBuildFile; fileRef = E1A2EBA81B6D747F00C27EB2 /* Flight.swift */; };
		E1A2EBAD1B6E8FEF00C27EB2 /* FlightStatus.swift in Sources */ = {isa = PBXBuildFile; fileRef = E1A2EBAC1B6E8FEF00C27EB2 /* FlightStatus.swift */; };
		E1A2EBAF1B6E920500C27EB2 /* TerminalSummary.swift in Sources */ = {isa = PBXBuildFile; fileRef = E1A2EBAE1B6E920500C27EB2 /* TerminalSummary.swift */; };
		E1ADA7031BBC325B00766DB1 /* ReferenceConfigSpec.swift in Sources */ = {isa = PBXBuildFile; fileRef = E1ADA7021BBC325B00766DB1 /* ReferenceConfigSpec.swift */; settings = {ASSET_TAGS = (); }; };
		E1ADA7051BBC327600766DB1 /* ReferenceConfigResponseSpec.swift in Sources */ = {isa = PBXBuildFile; fileRef = E1ADA7041BBC327600766DB1 /* ReferenceConfigResponseSpec.swift */; settings = {ASSET_TAGS = (); }; };
		E1AE8CE31BB5A2E3004E243E /* FlightCell.swift in Sources */ = {isa = PBXBuildFile; fileRef = E1AE8CE21BB5A2E3004E243E /* FlightCell.swift */; settings = {ASSET_TAGS = (); }; };
		E1AE8CE51BB5A310004E243E /* UIButton+positionLabel.swift in Sources */ = {isa = PBXBuildFile; fileRef = E1AE8CE41BB5A310004E243E /* UIButton+positionLabel.swift */; settings = {ASSET_TAGS = (); }; };
		E1B393761BAC614F00FC2970 /* AutomaticVehicleIdResponse.swift in Sources */ = {isa = PBXBuildFile; fileRef = E1B393751BAC614F00FC2970 /* AutomaticVehicleIdResponse.swift */; settings = {ASSET_TAGS = (); }; };
		E1B3937B1BAC66FE00FC2970 /* LotStatus.swift in Sources */ = {isa = PBXBuildFile; fileRef = E1B3937A1BAC66FE00FC2970 /* LotStatus.swift */; settings = {ASSET_TAGS = (); }; };
		E1B3937D1BAC681B00FC2970 /* LotStatusEnum.swift in Sources */ = {isa = PBXBuildFile; fileRef = E1B3937C1BAC681B00FC2970 /* LotStatusEnum.swift */; settings = {ASSET_TAGS = (); }; };
		E1B8271C1B7CEF4200CC32EF /* ApiClient.swift in Sources */ = {isa = PBXBuildFile; fileRef = E1B8271B1B7CEF4200CC32EF /* ApiClient.swift */; };
		E1B8271E1B7CF14B00CC32EF /* LotStatusResponse.swift in Sources */ = {isa = PBXBuildFile; fileRef = E1B8271D1B7CF14B00CC32EF /* LotStatusResponse.swift */; };
		E1BDE2881BB1E6AE006C0A42 /* AutomaticVehicleIdSpec.swift in Sources */ = {isa = PBXBuildFile; fileRef = E1BDE2871BB1E6AE006C0A42 /* AutomaticVehicleIdSpec.swift */; settings = {ASSET_TAGS = (); }; };
		E1BDE28A1BB1E76C006C0A42 /* AutomaticVehicleIdResponseSpec.swift in Sources */ = {isa = PBXBuildFile; fileRef = E1BDE2891BB1E76C006C0A42 /* AutomaticVehicleIdResponseSpec.swift */; settings = {ASSET_TAGS = (); }; };
		E1BDE28D1BB1EB21006C0A42 /* CidSpec.swift in Sources */ = {isa = PBXBuildFile; fileRef = E1BDE28C1BB1EB21006C0A42 /* CidSpec.swift */; settings = {ASSET_TAGS = (); }; };
		E1BDE28F1BB1EDDD006C0A42 /* CidResponseSpec.swift in Sources */ = {isa = PBXBuildFile; fileRef = E1BDE28E1BB1EDDD006C0A42 /* CidResponseSpec.swift */; settings = {ASSET_TAGS = (); }; };
		E1BDE2911BB1EEE6006C0A42 /* CidListResponseSpec.swift in Sources */ = {isa = PBXBuildFile; fileRef = E1BDE2901BB1EEE6006C0A42 /* CidListResponseSpec.swift */; settings = {ASSET_TAGS = (); }; };
		E1BDE2931BB1EFBB006C0A42 /* AllCidsResponseSpec.swift in Sources */ = {isa = PBXBuildFile; fileRef = E1BDE2921BB1EFBB006C0A42 /* AllCidsResponseSpec.swift */; settings = {ASSET_TAGS = (); }; };
		E1CDE70F1B66D79800AB27D2 /* UiConstants.swift in Sources */ = {isa = PBXBuildFile; fileRef = E1CDE70E1B66D79800AB27D2 /* UiConstants.swift */; };
		E1CDE7941B66E95E00AB27D2 /* MyriadPro-Semibold.otf in Resources */ = {isa = PBXBuildFile; fileRef = E1CDE76C1B66E95E00AB27D2 /* MyriadPro-Semibold.otf */; };
		E1CDE7951B66E95E00AB27D2 /* MyriadPro-Regular.otf in Resources */ = {isa = PBXBuildFile; fileRef = E1CDE76D1B66E95E00AB27D2 /* MyriadPro-Regular.otf */; };
		E1CDE7A81B66E95E00AB27D2 /* MyriadPro-Bold.otf in Resources */ = {isa = PBXBuildFile; fileRef = E1CDE7801B66E95E00AB27D2 /* MyriadPro-Bold.otf */; };
		E1DCC1FF1BA8DEAC0016B725 /* ReferenceConfigResponse.swift in Sources */ = {isa = PBXBuildFile; fileRef = E1DCC1FE1BA8DEAC0016B725 /* ReferenceConfigResponse.swift */; };
		E1E6EF9E1BB205520039C5F3 /* DriverSpec.swift in Sources */ = {isa = PBXBuildFile; fileRef = E1E6EF9D1BB205520039C5F3 /* DriverSpec.swift */; settings = {ASSET_TAGS = (); }; };
		E1E6EFA01BB205600039C5F3 /* DriverResponseSpec.swift in Sources */ = {isa = PBXBuildFile; fileRef = E1E6EF9F1BB205600039C5F3 /* DriverResponseSpec.swift */; settings = {ASSET_TAGS = (); }; };
		E1FDB2681BBC47E500F8F452 /* CredentialSpec.swift in Sources */ = {isa = PBXBuildFile; fileRef = E1FDB2671BBC47E500F8F452 /* CredentialSpec.swift */; settings = {ASSET_TAGS = (); }; };
		FA0E1FD21BAF1DD500B8F921 /* Font.swift in Sources */ = {isa = PBXBuildFile; fileRef = FA0E1FD11BAF1DD500B8F921 /* Font.swift */; settings = {ASSET_TAGS = (); }; };
		FA32EC081B8836B7001428B5 /* green_bg.jpg in Resources */ = {isa = PBXBuildFile; fileRef = FA32EC051B8836B7001428B5 /* green_bg.jpg */; };
		FA32EC091B8836B7001428B5 /* red_bg.jpg in Resources */ = {isa = PBXBuildFile; fileRef = FA32EC061B8836B7001428B5 /* red_bg.jpg */; };
		FA32EC0A1B8836B7001428B5 /* yellow_bg.jpg in Resources */ = {isa = PBXBuildFile; fileRef = FA32EC071B8836B7001428B5 /* yellow_bg.jpg */; };
		FA32EC0E1B883B44001428B5 /* terminal_bg.jpg in Resources */ = {isa = PBXBuildFile; fileRef = FA32EC0D1B883B44001428B5 /* terminal_bg.jpg */; };
		FA650FF81BB20CDB003D1939 /* DateTransform.swift in Sources */ = {isa = PBXBuildFile; fileRef = FA650FF71BB20CDB003D1939 /* DateTransform.swift */; settings = {ASSET_TAGS = (); }; };
/* End PBXBuildFile section */

/* Begin PBXContainerItemProxy section */
		C2DFE5D81B56D2CB0090B55F /* PBXContainerItemProxy */ = {
			isa = PBXContainerItemProxy;
			containerPortal = C2DFE5BA1B56D2CB0090B55F /* Project object */;
			proxyType = 1;
			remoteGlobalIDString = C2DFE5C11B56D2CB0090B55F;
			remoteInfo = ShortTrips;
		};
/* End PBXContainerItemProxy section */

/* Begin PBXFileReference section */
		6C387AE349CA07C52915EF9A /* Pods-ShortTrips.release.xcconfig */ = {isa = PBXFileReference; includeInIndex = 1; lastKnownFileType = text.xcconfig; name = "Pods-ShortTrips.release.xcconfig"; path = "Pods/Target Support Files/Pods-ShortTrips/Pods-ShortTrips.release.xcconfig"; sourceTree = "<group>"; };
		74CF35C7BCD34379EA4B5AF4 /* Pods-ShortTripsTests.debug.xcconfig */ = {isa = PBXFileReference; includeInIndex = 1; lastKnownFileType = text.xcconfig; name = "Pods-ShortTripsTests.debug.xcconfig"; path = "Pods/Target Support Files/Pods-ShortTripsTests/Pods-ShortTripsTests.debug.xcconfig"; sourceTree = "<group>"; };
		81AB3E7D2C8CBBF8AF294E13 /* Pods_ShortTrips.framework */ = {isa = PBXFileReference; explicitFileType = wrapper.framework; includeInIndex = 0; path = Pods_ShortTrips.framework; sourceTree = BUILT_PRODUCTS_DIR; };
		8C1EEE491F8AB773F5CE16CE /* Pods-ShortTripsTests.release.xcconfig */ = {isa = PBXFileReference; includeInIndex = 1; lastKnownFileType = text.xcconfig; name = "Pods-ShortTripsTests.release.xcconfig"; path = "Pods/Target Support Files/Pods-ShortTripsTests/Pods-ShortTripsTests.release.xcconfig"; sourceTree = "<group>"; };
		9F853EB5ED3B732FCC78F3D1 /* Pods_ShortTripsTests.framework */ = {isa = PBXFileReference; explicitFileType = wrapper.framework; includeInIndex = 0; path = Pods_ShortTripsTests.framework; sourceTree = BUILT_PRODUCTS_DIR; };
		C200BE201BA8C21600B7F56F /* TerminalView.swift */ = {isa = PBXFileReference; fileEncoding = 4; lastKnownFileType = sourcecode.swift; path = TerminalView.swift; sourceTree = "<group>"; };
		C200BE221BA8D05D00B7F56F /* TimerView.swift */ = {isa = PBXFileReference; fileEncoding = 4; lastKnownFileType = sourcecode.swift; path = TimerView.swift; sourceTree = "<group>"; };
		C200BE261BA8D3A300B7F56F /* HourPickerView.swift */ = {isa = PBXFileReference; fileEncoding = 4; lastKnownFileType = sourcecode.swift; path = HourPickerView.swift; sourceTree = "<group>"; };
		C207D6FB1BAB86D800273374 /* FlightStatusView.swift */ = {isa = PBXFileReference; fileEncoding = 4; lastKnownFileType = sourcecode.swift; path = FlightStatusView.swift; sourceTree = "<group>"; };
		C20A53011BB36D04001D1F90 /* AirlineClient.swift */ = {isa = PBXFileReference; fileEncoding = 4; lastKnownFileType = sourcecode.swift; path = AirlineClient.swift; sourceTree = "<group>"; };
		C21775F81BB08CAC008B24EA /* Color.swift */ = {isa = PBXFileReference; fileEncoding = 4; lastKnownFileType = sourcecode.swift; path = Color.swift; sourceTree = "<group>"; };
		C21905671BB0B74E00A3E779 /* Url.swift */ = {isa = PBXFileReference; fileEncoding = 4; lastKnownFileType = sourcecode.swift; path = Url.swift; sourceTree = "<group>"; };
		C21905691BB0C87200A3E779 /* DeviceClient.swift */ = {isa = PBXFileReference; fileEncoding = 4; lastKnownFileType = sourcecode.swift; path = DeviceClient.swift; sourceTree = "<group>"; };
		C23315841BB472490079B916 /* Airline.swift */ = {isa = PBXFileReference; fileEncoding = 4; lastKnownFileType = sourcecode.swift; path = Airline.swift; sourceTree = "<group>"; };
		C24486EF1BA89DF200A19A9D /* GeofenceListResponse.swift */ = {isa = PBXFileReference; fileEncoding = 4; lastKnownFileType = sourcecode.swift; path = GeofenceListResponse.swift; sourceTree = "<group>"; };
		C24486F11BA89EA800A19A9D /* AllGeofencesResponse.swift */ = {isa = PBXFileReference; fileEncoding = 4; lastKnownFileType = sourcecode.swift; path = AllGeofencesResponse.swift; sourceTree = "<group>"; };
		C24486F31BA8B5A300A19A9D /* GeofenceResponse.swift */ = {isa = PBXFileReference; fileEncoding = 4; lastKnownFileType = sourcecode.swift; path = GeofenceResponse.swift; sourceTree = "<group>"; };
		C2635E251BB0CA3F003C22B1 /* DispatcherClient.swift */ = {isa = PBXFileReference; fileEncoding = 4; lastKnownFileType = sourcecode.swift; path = DispatcherClient.swift; sourceTree = "<group>"; };
		C2635E291BB0CC86003C22B1 /* FlightClient.swift */ = {isa = PBXFileReference; fileEncoding = 4; lastKnownFileType = sourcecode.swift; path = FlightClient.swift; sourceTree = "<group>"; };
		C2635E2B1BB0CCE4003C22B1 /* DriverClient.swift */ = {isa = PBXFileReference; fileEncoding = 4; lastKnownFileType = sourcecode.swift; path = DriverClient.swift; sourceTree = "<group>"; };
		C2635E2D1BB0CD9A003C22B1 /* ReferenceClient.swift */ = {isa = PBXFileReference; fileEncoding = 4; lastKnownFileType = sourcecode.swift; path = ReferenceClient.swift; sourceTree = "<group>"; };
		C2635E2F1BB0CE1C003C22B1 /* GeofenceClient.swift */ = {isa = PBXFileReference; fileEncoding = 4; lastKnownFileType = sourcecode.swift; path = GeofenceClient.swift; sourceTree = "<group>"; };
		C27450B91BB4985E00D33CDD /* AirlineListWrapper.swift */ = {isa = PBXFileReference; fileEncoding = 4; lastKnownFileType = sourcecode.swift; path = AirlineListWrapper.swift; sourceTree = "<group>"; };
		C27450BB1BB4988200D33CDD /* AirlineListResponse.swift */ = {isa = PBXFileReference; fileEncoding = 4; lastKnownFileType = sourcecode.swift; path = AirlineListResponse.swift; sourceTree = "<group>"; };
		C28224651BB09BCB007F284F /* TerminalSummaryVCSpec.swift */ = {isa = PBXFileReference; fileEncoding = 4; lastKnownFileType = sourcecode.swift; name = TerminalSummaryVCSpec.swift; path = Pods/TerminalSummaryVCSpec.swift; sourceTree = SOURCE_ROOT; };
		C28224671BB09C32007F284F /* FlightStatusVCSpec.swift */ = {isa = PBXFileReference; fileEncoding = 4; lastKnownFileType = sourcecode.swift; path = FlightStatusVCSpec.swift; sourceTree = "<group>"; };
		C2897A931BB5E6ED00FE1B40 /* AirlineClientSpec.swift */ = {isa = PBXFileReference; fileEncoding = 4; lastKnownFileType = sourcecode.swift; path = AirlineClientSpec.swift; sourceTree = "<group>"; };
		C2B15ADE1BBB16010049B97C /* Image.swift */ = {isa = PBXFileReference; fileEncoding = 4; lastKnownFileType = sourcecode.swift; path = Image.swift; sourceTree = "<group>"; };
		C2B667101BA7577600BA28E2 /* DashboardView.swift */ = {isa = PBXFileReference; fileEncoding = 4; lastKnownFileType = sourcecode.swift; path = DashboardView.swift; sourceTree = "<group>"; };
		C2B667281BA7833400BA28E2 /* TerminalSummaryView.swift */ = {isa = PBXFileReference; fileEncoding = 4; lastKnownFileType = sourcecode.swift; path = TerminalSummaryView.swift; sourceTree = "<group>"; };
		C2DA57761BA34451000875D7 /* DashboardVCSpec.swift */ = {isa = PBXFileReference; fileEncoding = 4; lastKnownFileType = sourcecode.swift; path = DashboardVCSpec.swift; sourceTree = "<group>"; };
		C2DFE5C21B56D2CB0090B55F /* ShortTrips.app */ = {isa = PBXFileReference; explicitFileType = wrapper.application; includeInIndex = 0; path = ShortTrips.app; sourceTree = BUILT_PRODUCTS_DIR; };
		C2DFE5C61B56D2CB0090B55F /* Info.plist */ = {isa = PBXFileReference; lastKnownFileType = text.plist.xml; path = Info.plist; sourceTree = "<group>"; };
		C2DFE5C71B56D2CB0090B55F /* AppDelegate.swift */ = {isa = PBXFileReference; lastKnownFileType = sourcecode.swift; path = AppDelegate.swift; sourceTree = "<group>"; };
		C2DFE5C91B56D2CB0090B55F /* DashboardVC.swift */ = {isa = PBXFileReference; lastKnownFileType = sourcecode.swift; path = DashboardVC.swift; sourceTree = "<group>"; };
		C2DFE5CE1B56D2CB0090B55F /* Images.xcassets */ = {isa = PBXFileReference; lastKnownFileType = folder.assetcatalog; path = Images.xcassets; sourceTree = "<group>"; };
		C2DFE5D11B56D2CB0090B55F /* Base */ = {isa = PBXFileReference; lastKnownFileType = file.xib; name = Base; path = Base.lproj/LaunchScreen.xib; sourceTree = "<group>"; };
		C2DFE5D71B56D2CB0090B55F /* ShortTripsTests.xctest */ = {isa = PBXFileReference; explicitFileType = wrapper.cfbundle; includeInIndex = 0; path = ShortTripsTests.xctest; sourceTree = BUILT_PRODUCTS_DIR; };
		C2DFE5DC1B56D2CB0090B55F /* Info.plist */ = {isa = PBXFileReference; lastKnownFileType = text.plist.xml; path = Info.plist; sourceTree = "<group>"; };
		D524E6237781C1A38B7FCDF1 /* Pods-ShortTrips.debug.xcconfig */ = {isa = PBXFileReference; includeInIndex = 1; lastKnownFileType = text.xcconfig; name = "Pods-ShortTrips.debug.xcconfig"; path = "Pods/Target Support Files/Pods-ShortTrips/Pods-ShortTrips.debug.xcconfig"; sourceTree = "<group>"; };
		E108B1741BA7C1DE00481AF1 /* ReferenceConfig.swift */ = {isa = PBXFileReference; fileEncoding = 4; lastKnownFileType = sourcecode.swift; path = ReferenceConfig.swift; sourceTree = "<group>"; };
		E112C3021BB2FD2500B1DF48 /* GeofenceSpec.swift */ = {isa = PBXFileReference; fileEncoding = 4; lastKnownFileType = sourcecode.swift; path = GeofenceSpec.swift; sourceTree = "<group>"; };
		E112C3041BB2FF0100B1DF48 /* GeofenceResponseSpec.swift */ = {isa = PBXFileReference; fileEncoding = 4; lastKnownFileType = sourcecode.swift; path = GeofenceResponseSpec.swift; sourceTree = "<group>"; };
		E112C3061BB2FFC400B1DF48 /* GeofenceListResponseSpec.swift */ = {isa = PBXFileReference; fileEncoding = 4; lastKnownFileType = sourcecode.swift; path = GeofenceListResponseSpec.swift; sourceTree = "<group>"; };
		E112C3081BB3016C00B1DF48 /* AllGeofencesResponseSpec.swift */ = {isa = PBXFileReference; fileEncoding = 4; lastKnownFileType = sourcecode.swift; path = AllGeofencesResponseSpec.swift; sourceTree = "<group>"; };
		E112C30B1BB3135600B1DF48 /* LotStatusEnumSpec.swift */ = {isa = PBXFileReference; fileEncoding = 4; lastKnownFileType = sourcecode.swift; path = LotStatusEnumSpec.swift; sourceTree = "<group>"; };
		E112C30D1BB3195500B1DF48 /* LotStatusSpec.swift */ = {isa = PBXFileReference; fileEncoding = 4; lastKnownFileType = sourcecode.swift; path = LotStatusSpec.swift; sourceTree = "<group>"; };
		E112C30F1BB31A5800B1DF48 /* LotStatusResponseSpec.swift */ = {isa = PBXFileReference; fileEncoding = 4; lastKnownFileType = sourcecode.swift; path = LotStatusResponseSpec.swift; sourceTree = "<group>"; };
		E11D60961BA7A40100FD4276 /* Geofence.swift */ = {isa = PBXFileReference; fileEncoding = 4; lastKnownFileType = sourcecode.swift; path = Geofence.swift; sourceTree = "<group>"; };
		E122649F1B795A65002B36CA /* fr */ = {isa = PBXFileReference; lastKnownFileType = text.plist.strings; name = fr; path = fr.lproj/Localizable.strings; sourceTree = "<group>"; };
		E12264A11B795A6F002B36CA /* Base */ = {isa = PBXFileReference; lastKnownFileType = text.plist.strings; name = Base; path = Base.lproj/Localizable.strings; sourceTree = "<group>"; };
		E13BCEF01BABB426006FDFF5 /* FlightsForTerminalResponse.swift */ = {isa = PBXFileReference; fileEncoding = 4; lastKnownFileType = sourcecode.swift; path = FlightsForTerminalResponse.swift; sourceTree = "<group>"; };
		E13BCEF21BABB733006FDFF5 /* FlightDetailResponse.swift */ = {isa = PBXFileReference; fileEncoding = 4; lastKnownFileType = sourcecode.swift; path = FlightDetailResponse.swift; sourceTree = "<group>"; };
		E13BCEF51BABB8F1006FDFF5 /* TerminalSummaryResponse.swift */ = {isa = PBXFileReference; fileEncoding = 4; lastKnownFileType = sourcecode.swift; path = TerminalSummaryResponse.swift; sourceTree = "<group>"; };
		E13BCEF71BABB985006FDFF5 /* TerminalSummaryArrivalsResponse.swift */ = {isa = PBXFileReference; fileEncoding = 4; lastKnownFileType = sourcecode.swift; path = TerminalSummaryArrivalsResponse.swift; sourceTree = "<group>"; };
		E13BCEF91BABBAA1006FDFF5 /* TerminalSummaryArrivalsListResponse.swift */ = {isa = PBXFileReference; fileEncoding = 4; lastKnownFileType = sourcecode.swift; path = TerminalSummaryArrivalsListResponse.swift; sourceTree = "<group>"; };
		E13F40971B7D39C200A98B99 /* TerminalSummaryVC.swift */ = {isa = PBXFileReference; fileEncoding = 4; lastKnownFileType = sourcecode.swift; path = TerminalSummaryVC.swift; sourceTree = "<group>"; };
		E145E64A1B87A590003D1870 /* UIImage+initWithColor.swift */ = {isa = PBXFileReference; fileEncoding = 4; lastKnownFileType = sourcecode.swift; path = "UIImage+initWithColor.swift"; sourceTree = "<group>"; };
		E14E159A1BB1D856009D1E17 /* AntennaSpec.swift */ = {isa = PBXFileReference; fileEncoding = 4; lastKnownFileType = sourcecode.swift; path = AntennaSpec.swift; sourceTree = "<group>"; };
		E14E159D1BB1DA9F009D1E17 /* AntennaResponseSpec.swift */ = {isa = PBXFileReference; fileEncoding = 4; lastKnownFileType = sourcecode.swift; path = AntennaResponseSpec.swift; sourceTree = "<group>"; };
		E1598CE31BB1ACB100E933AD /* FlightSpec.swift */ = {isa = PBXFileReference; fileEncoding = 4; lastKnownFileType = sourcecode.swift; path = FlightSpec.swift; sourceTree = "<group>"; };
		E1598CE51BB1AE3B00E933AD /* FlightDetailResponseSpec.swift */ = {isa = PBXFileReference; fileEncoding = 4; lastKnownFileType = sourcecode.swift; path = FlightDetailResponseSpec.swift; sourceTree = "<group>"; };
		E15A3CD21BAC86C6002EDE40 /* Credential.swift */ = {isa = PBXFileReference; fileEncoding = 4; lastKnownFileType = sourcecode.swift; path = Credential.swift; sourceTree = "<group>"; };
		E16399D41BA7B99400EDE0AE /* Driver.swift */ = {isa = PBXFileReference; fileEncoding = 4; lastKnownFileType = sourcecode.swift; path = Driver.swift; sourceTree = "<group>"; };
		E1666F981BA8D25600C95F96 /* DriverResponse.swift */ = {isa = PBXFileReference; fileEncoding = 4; lastKnownFileType = sourcecode.swift; path = DriverResponse.swift; sourceTree = "<group>"; };
		E16E5E151BB1B690003A315A /* FlightStatusSpec.swift */ = {isa = PBXFileReference; fileEncoding = 4; lastKnownFileType = sourcecode.swift; path = FlightStatusSpec.swift; sourceTree = "<group>"; };
		E17352841B8CEC9B0031950B /* UiHelpers.swift */ = {isa = PBXFileReference; fileEncoding = 4; lastKnownFileType = sourcecode.swift; path = UiHelpers.swift; sourceTree = "<group>"; };
		E17C22F01BBC4B8900E40E6C /* TerminalSummarySpec.swift */ = {isa = PBXFileReference; fileEncoding = 4; lastKnownFileType = sourcecode.swift; path = TerminalSummarySpec.swift; sourceTree = "<group>"; };
		E17C22F21BBC505A00E40E6C /* TerminalSummaryArrivalsListResponseSpec.swift */ = {isa = PBXFileReference; fileEncoding = 4; lastKnownFileType = sourcecode.swift; path = TerminalSummaryArrivalsListResponseSpec.swift; sourceTree = "<group>"; };
		E17C22F41BBC61F000E40E6C /* TerminalSummaryResponseSpec.swift */ = {isa = PBXFileReference; fileEncoding = 4; lastKnownFileType = sourcecode.swift; path = TerminalSummaryResponseSpec.swift; sourceTree = "<group>"; };
		E17C22F61BBC621300E40E6C /* TerminalSummaryArrivalsResponse.swift */ = {isa = PBXFileReference; fileEncoding = 4; lastKnownFileType = sourcecode.swift; path = TerminalSummaryArrivalsResponse.swift; sourceTree = "<group>"; };
		E18736881BA8E7D800B6C7D8 /* AntennaResponse.swift */ = {isa = PBXFileReference; fileEncoding = 4; lastKnownFileType = sourcecode.swift; path = AntennaResponse.swift; sourceTree = "<group>"; };
		E187368B1BA8EA0900B6C7D8 /* AllCidsResponse.swift */ = {isa = PBXFileReference; fileEncoding = 4; lastKnownFileType = sourcecode.swift; path = AllCidsResponse.swift; sourceTree = "<group>"; };
		E187368D1BA8EADE00B6C7D8 /* CidListResponse.swift */ = {isa = PBXFileReference; fileEncoding = 4; lastKnownFileType = sourcecode.swift; path = CidListResponse.swift; sourceTree = "<group>"; };
		E187368F1BA8EBED00B6C7D8 /* CidResponse.swift */ = {isa = PBXFileReference; fileEncoding = 4; lastKnownFileType = sourcecode.swift; path = CidResponse.swift; sourceTree = "<group>"; };
		E18FF68C1BA8667500FE93B9 /* AutomaticVehicleId.swift */ = {isa = PBXFileReference; fileEncoding = 4; lastKnownFileType = sourcecode.swift; path = AutomaticVehicleId.swift; sourceTree = "<group>"; };
		E18FF68E1BA869A300FE93B9 /* Antenna.swift */ = {isa = PBXFileReference; fileEncoding = 4; lastKnownFileType = sourcecode.swift; path = Antenna.swift; sourceTree = "<group>"; };
		E18FF6901BA870AF00FE93B9 /* Cid.swift */ = {isa = PBXFileReference; fileEncoding = 4; lastKnownFileType = sourcecode.swift; path = Cid.swift; sourceTree = "<group>"; };
		E18FF6921BA877C000FE93B9 /* TripState.swift */ = {isa = PBXFileReference; fileEncoding = 4; lastKnownFileType = sourcecode.swift; path = TripState.swift; sourceTree = "<group>"; };
		E18FF6941BA8783600FE93B9 /* MobileStateChange.swift */ = {isa = PBXFileReference; fileEncoding = 4; lastKnownFileType = sourcecode.swift; path = MobileStateChange.swift; sourceTree = "<group>"; };
		E18FFE281BB19ED2003D192A /* FlightsForTerminalResponseSpec.swift */ = {isa = PBXFileReference; fileEncoding = 4; lastKnownFileType = sourcecode.swift; path = FlightsForTerminalResponseSpec.swift; sourceTree = "<group>"; };
		E1A2EB9F1B6BEF3900C27EB2 /* FlightStatusVC.swift */ = {isa = PBXFileReference; fileEncoding = 4; lastKnownFileType = sourcecode.swift; path = FlightStatusVC.swift; sourceTree = "<group>"; };
		E1A2EBA81B6D747F00C27EB2 /* Flight.swift */ = {isa = PBXFileReference; fileEncoding = 4; lastKnownFileType = sourcecode.swift; path = Flight.swift; sourceTree = "<group>"; };
		E1A2EBAC1B6E8FEF00C27EB2 /* FlightStatus.swift */ = {isa = PBXFileReference; fileEncoding = 4; lastKnownFileType = sourcecode.swift; path = FlightStatus.swift; sourceTree = "<group>"; };
		E1A2EBAE1B6E920500C27EB2 /* TerminalSummary.swift */ = {isa = PBXFileReference; fileEncoding = 4; lastKnownFileType = sourcecode.swift; path = TerminalSummary.swift; sourceTree = "<group>"; };
		E1ADA7021BBC325B00766DB1 /* ReferenceConfigSpec.swift */ = {isa = PBXFileReference; fileEncoding = 4; lastKnownFileType = sourcecode.swift; path = ReferenceConfigSpec.swift; sourceTree = "<group>"; };
		E1ADA7041BBC327600766DB1 /* ReferenceConfigResponseSpec.swift */ = {isa = PBXFileReference; fileEncoding = 4; lastKnownFileType = sourcecode.swift; path = ReferenceConfigResponseSpec.swift; sourceTree = "<group>"; };
		E1AE8CE21BB5A2E3004E243E /* FlightCell.swift */ = {isa = PBXFileReference; fileEncoding = 4; lastKnownFileType = sourcecode.swift; path = FlightCell.swift; sourceTree = "<group>"; };
		E1AE8CE41BB5A310004E243E /* UIButton+positionLabel.swift */ = {isa = PBXFileReference; fileEncoding = 4; lastKnownFileType = sourcecode.swift; path = "UIButton+positionLabel.swift"; sourceTree = "<group>"; };
		E1B393751BAC614F00FC2970 /* AutomaticVehicleIdResponse.swift */ = {isa = PBXFileReference; fileEncoding = 4; lastKnownFileType = sourcecode.swift; path = AutomaticVehicleIdResponse.swift; sourceTree = "<group>"; };
		E1B3937A1BAC66FE00FC2970 /* LotStatus.swift */ = {isa = PBXFileReference; fileEncoding = 4; lastKnownFileType = sourcecode.swift; path = LotStatus.swift; sourceTree = "<group>"; };
		E1B3937C1BAC681B00FC2970 /* LotStatusEnum.swift */ = {isa = PBXFileReference; fileEncoding = 4; lastKnownFileType = sourcecode.swift; path = LotStatusEnum.swift; sourceTree = "<group>"; };
		E1B8271B1B7CEF4200CC32EF /* ApiClient.swift */ = {isa = PBXFileReference; fileEncoding = 4; lastKnownFileType = sourcecode.swift; path = ApiClient.swift; sourceTree = "<group>"; };
		E1B8271D1B7CF14B00CC32EF /* LotStatusResponse.swift */ = {isa = PBXFileReference; fileEncoding = 4; lastKnownFileType = sourcecode.swift; path = LotStatusResponse.swift; sourceTree = "<group>"; };
		E1BDE2871BB1E6AE006C0A42 /* AutomaticVehicleIdSpec.swift */ = {isa = PBXFileReference; fileEncoding = 4; lastKnownFileType = sourcecode.swift; path = AutomaticVehicleIdSpec.swift; sourceTree = "<group>"; };
		E1BDE2891BB1E76C006C0A42 /* AutomaticVehicleIdResponseSpec.swift */ = {isa = PBXFileReference; fileEncoding = 4; lastKnownFileType = sourcecode.swift; path = AutomaticVehicleIdResponseSpec.swift; sourceTree = "<group>"; };
		E1BDE28C1BB1EB21006C0A42 /* CidSpec.swift */ = {isa = PBXFileReference; fileEncoding = 4; lastKnownFileType = sourcecode.swift; path = CidSpec.swift; sourceTree = "<group>"; };
		E1BDE28E1BB1EDDD006C0A42 /* CidResponseSpec.swift */ = {isa = PBXFileReference; fileEncoding = 4; lastKnownFileType = sourcecode.swift; path = CidResponseSpec.swift; sourceTree = "<group>"; };
		E1BDE2901BB1EEE6006C0A42 /* CidListResponseSpec.swift */ = {isa = PBXFileReference; fileEncoding = 4; lastKnownFileType = sourcecode.swift; path = CidListResponseSpec.swift; sourceTree = "<group>"; };
		E1BDE2921BB1EFBB006C0A42 /* AllCidsResponseSpec.swift */ = {isa = PBXFileReference; fileEncoding = 4; lastKnownFileType = sourcecode.swift; path = AllCidsResponseSpec.swift; sourceTree = "<group>"; };
		E1CDE70E1B66D79800AB27D2 /* UiConstants.swift */ = {isa = PBXFileReference; fileEncoding = 4; lastKnownFileType = sourcecode.swift; path = UiConstants.swift; sourceTree = "<group>"; };
		E1CDE76C1B66E95E00AB27D2 /* MyriadPro-Semibold.otf */ = {isa = PBXFileReference; lastKnownFileType = file; path = "MyriadPro-Semibold.otf"; sourceTree = "<group>"; };
		E1CDE76D1B66E95E00AB27D2 /* MyriadPro-Regular.otf */ = {isa = PBXFileReference; lastKnownFileType = file; path = "MyriadPro-Regular.otf"; sourceTree = "<group>"; };
		E1CDE7801B66E95E00AB27D2 /* MyriadPro-Bold.otf */ = {isa = PBXFileReference; lastKnownFileType = file; path = "MyriadPro-Bold.otf"; sourceTree = "<group>"; };
		E1DCC1FE1BA8DEAC0016B725 /* ReferenceConfigResponse.swift */ = {isa = PBXFileReference; fileEncoding = 4; lastKnownFileType = sourcecode.swift; path = ReferenceConfigResponse.swift; sourceTree = "<group>"; };
		E1E6EF9D1BB205520039C5F3 /* DriverSpec.swift */ = {isa = PBXFileReference; fileEncoding = 4; lastKnownFileType = sourcecode.swift; path = DriverSpec.swift; sourceTree = "<group>"; };
		E1E6EF9F1BB205600039C5F3 /* DriverResponseSpec.swift */ = {isa = PBXFileReference; fileEncoding = 4; lastKnownFileType = sourcecode.swift; path = DriverResponseSpec.swift; sourceTree = "<group>"; };
		E1FDB2671BBC47E500F8F452 /* CredentialSpec.swift */ = {isa = PBXFileReference; fileEncoding = 4; lastKnownFileType = sourcecode.swift; path = CredentialSpec.swift; sourceTree = "<group>"; };
		FA0E1FD11BAF1DD500B8F921 /* Font.swift */ = {isa = PBXFileReference; fileEncoding = 4; lastKnownFileType = sourcecode.swift; path = Font.swift; sourceTree = "<group>"; };
		FA32EC051B8836B7001428B5 /* green_bg.jpg */ = {isa = PBXFileReference; lastKnownFileType = image.jpeg; path = green_bg.jpg; sourceTree = "<group>"; };
		FA32EC061B8836B7001428B5 /* red_bg.jpg */ = {isa = PBXFileReference; lastKnownFileType = image.jpeg; path = red_bg.jpg; sourceTree = "<group>"; };
		FA32EC071B8836B7001428B5 /* yellow_bg.jpg */ = {isa = PBXFileReference; lastKnownFileType = image.jpeg; path = yellow_bg.jpg; sourceTree = "<group>"; };
		FA32EC0D1B883B44001428B5 /* terminal_bg.jpg */ = {isa = PBXFileReference; lastKnownFileType = image.jpeg; path = terminal_bg.jpg; sourceTree = "<group>"; };
		FA32EC0F1B885B92001428B5 /* ShortTrips.entitlements */ = {isa = PBXFileReference; lastKnownFileType = text.xml; path = ShortTrips.entitlements; sourceTree = "<group>"; };
		FA650FF71BB20CDB003D1939 /* DateTransform.swift */ = {isa = PBXFileReference; fileEncoding = 4; lastKnownFileType = sourcecode.swift; path = DateTransform.swift; sourceTree = "<group>"; };
/* End PBXFileReference section */

/* Begin PBXFrameworksBuildPhase section */
		C2DFE5BF1B56D2CB0090B55F /* Frameworks */ = {
			isa = PBXFrameworksBuildPhase;
			buildActionMask = 2147483647;
			files = (
				01937E5EB89C54E6045C76F1 /* Pods_ShortTrips.framework in Frameworks */,
			);
			runOnlyForDeploymentPostprocessing = 0;
		};
		C2DFE5D41B56D2CB0090B55F /* Frameworks */ = {
			isa = PBXFrameworksBuildPhase;
			buildActionMask = 2147483647;
			files = (
				5062C2B0F9B113B3BD8778A1 /* Pods_ShortTripsTests.framework in Frameworks */,
			);
			runOnlyForDeploymentPostprocessing = 0;
		};
/* End PBXFrameworksBuildPhase section */

/* Begin PBXGroup section */
		464865FE06C5FC3D8CC382BA /* Frameworks */ = {
			isa = PBXGroup;
			children = (
				81AB3E7D2C8CBBF8AF294E13 /* Pods_ShortTrips.framework */,
				9F853EB5ED3B732FCC78F3D1 /* Pods_ShortTripsTests.framework */,
			);
			name = Frameworks;
			sourceTree = "<group>";
		};
		B0E9217BCF45743D8A59FDCA /* Pods */ = {
			isa = PBXGroup;
			children = (
				D524E6237781C1A38B7FCDF1 /* Pods-ShortTrips.debug.xcconfig */,
				6C387AE349CA07C52915EF9A /* Pods-ShortTrips.release.xcconfig */,
				74CF35C7BCD34379EA4B5AF4 /* Pods-ShortTripsTests.debug.xcconfig */,
				8C1EEE491F8AB773F5CE16CE /* Pods-ShortTripsTests.release.xcconfig */,
			);
			name = Pods;
			sourceTree = "<group>";
		};
		C21905661BB0B73E00A3E779 /* Networking */ = {
			isa = PBXGroup;
			children = (
				C20A53011BB36D04001D1F90 /* AirlineClient.swift */,
				E1B8271B1B7CEF4200CC32EF /* ApiClient.swift */,
				C21905691BB0C87200A3E779 /* DeviceClient.swift */,
				C2635E251BB0CA3F003C22B1 /* DispatcherClient.swift */,
				C2635E2B1BB0CCE4003C22B1 /* DriverClient.swift */,
				C2635E291BB0CC86003C22B1 /* FlightClient.swift */,
				C2635E2F1BB0CE1C003C22B1 /* GeofenceClient.swift */,
				C2635E2D1BB0CD9A003C22B1 /* ReferenceClient.swift */,
				C21905671BB0B74E00A3E779 /* Url.swift */,
			);
			name = Networking;
			sourceTree = "<group>";
		};
		C24486EE1BA89DD100A19A9D /* Geofence */ = {
			isa = PBXGroup;
			children = (
				C24486F11BA89EA800A19A9D /* AllGeofencesResponse.swift */,
				E11D60961BA7A40100FD4276 /* Geofence.swift */,
				C24486F31BA8B5A300A19A9D /* GeofenceResponse.swift */,
				C24486EF1BA89DF200A19A9D /* GeofenceListResponse.swift */,
			);
			name = Geofence;
			sourceTree = "<group>";
		};
		C2635E271BB0CB55003C22B1 /* Shared */ = {
			isa = PBXGroup;
			children = (
				E15A3CD21BAC86C6002EDE40 /* Credential.swift */,
			);
			name = Shared;
			sourceTree = "<group>";
		};
		C2635E281BB0CB5F003C22B1 /* Trip */ = {
			isa = PBXGroup;
			children = (
				E18FF6941BA8783600FE93B9 /* MobileStateChange.swift */,
				E18FF6921BA877C000FE93B9 /* TripState.swift */,
			);
			name = Trip;
			sourceTree = "<group>";
		};
		C27450B81BB496A800D33CDD /* Airline */ = {
			isa = PBXGroup;
			children = (
				C23315841BB472490079B916 /* Airline.swift */,
				C27450BB1BB4988200D33CDD /* AirlineListResponse.swift */,
				C27450B91BB4985E00D33CDD /* AirlineListWrapper.swift */,
			);
			name = Airline;
			sourceTree = "<group>";
		};
		C2897A921BB5E6CC00FE1B40 /* Networking */ = {
			isa = PBXGroup;
			children = (
				C2897A931BB5E6ED00FE1B40 /* AirlineClientSpec.swift */,
			);
			name = Networking;
			sourceTree = "<group>";
		};
		C2DFE5B91B56D2CB0090B55F = {
			isa = PBXGroup;
			children = (
				C2DFE5C41B56D2CB0090B55F /* ShortTrips */,
				C2DFE5DA1B56D2CB0090B55F /* ShortTripsTests */,
				C2DFE5C31B56D2CB0090B55F /* Products */,
				B0E9217BCF45743D8A59FDCA /* Pods */,
				464865FE06C5FC3D8CC382BA /* Frameworks */,
			);
			sourceTree = "<group>";
		};
		C2DFE5C31B56D2CB0090B55F /* Products */ = {
			isa = PBXGroup;
			children = (
				C2DFE5C21B56D2CB0090B55F /* ShortTrips.app */,
				C2DFE5D71B56D2CB0090B55F /* ShortTripsTests.xctest */,
			);
			name = Products;
			sourceTree = "<group>";
		};
		C2DFE5C41B56D2CB0090B55F /* ShortTrips */ = {
			isa = PBXGroup;
			children = (
				E1A2EBA31B6C2AA400C27EB2 /* Controllers */,
				E1A2EBA41B6C2B3600C27EB2 /* Models */,
				FA32EC031B88362F001428B5 /* Resources */,
				E1A2EBA51B6C2BC600C27EB2 /* Views */,
				FA0E1FD01BAF1D9500B8F921 /* Utility */,
				C2DFE5C51B56D2CB0090B55F /* Supporting Files */,
			);
			path = ShortTrips;
			sourceTree = "<group>";
		};
		C2DFE5C51B56D2CB0090B55F /* Supporting Files */ = {
			isa = PBXGroup;
			children = (
				C2DFE5C71B56D2CB0090B55F /* AppDelegate.swift */,
				C2DFE5C61B56D2CB0090B55F /* Info.plist */,
				FA32EC0F1B885B92001428B5 /* ShortTrips.entitlements */,
			);
			name = "Supporting Files";
			sourceTree = "<group>";
		};
		C2DFE5DA1B56D2CB0090B55F /* ShortTripsTests */ = {
			isa = PBXGroup;
			children = (
				E18FFE2A1BB1A083003D192A /* Controllers */,
				E18FFE2B1BB1A092003D192A /* Models */,
				C2DFE5DB1B56D2CB0090B55F /* Supporting Files */,
			);
			path = ShortTripsTests;
			sourceTree = "<group>";
		};
		C2DFE5DB1B56D2CB0090B55F /* Supporting Files */ = {
			isa = PBXGroup;
			children = (
				C2DFE5DC1B56D2CB0090B55F /* Info.plist */,
			);
			name = "Supporting Files";
			sourceTree = "<group>";
		};
		E112C3011BB2FCE500B1DF48 /* Geofence */ = {
			isa = PBXGroup;
			children = (
				E112C3081BB3016C00B1DF48 /* AllGeofencesResponseSpec.swift */,
				E112C3021BB2FD2500B1DF48 /* GeofenceSpec.swift */,
				E112C3041BB2FF0100B1DF48 /* GeofenceResponseSpec.swift */,
				E112C3061BB2FFC400B1DF48 /* GeofenceListResponseSpec.swift */,
			);
			name = Geofence;
			sourceTree = "<group>";
		};
		E112C30A1BB3130E00B1DF48 /* LotStatus */ = {
			isa = PBXGroup;
			children = (
				E112C30B1BB3135600B1DF48 /* LotStatusEnumSpec.swift */,
				E112C30F1BB31A5800B1DF48 /* LotStatusResponseSpec.swift */,
				E112C30D1BB3195500B1DF48 /* LotStatusSpec.swift */,
			);
			name = LotStatus;
			sourceTree = "<group>";
		};
		E13BCEEF1BABAD32006FDFF5 /* Flight */ = {
			isa = PBXGroup;
			children = (
				E1A2EBA81B6D747F00C27EB2 /* Flight.swift */,
				E13BCEF21BABB733006FDFF5 /* FlightDetailResponse.swift */,
				E13BCEF01BABB426006FDFF5 /* FlightsForTerminalResponse.swift */,
				E1A2EBAC1B6E8FEF00C27EB2 /* FlightStatus.swift */,
			);
			name = Flight;
			sourceTree = "<group>";
		};
		E13BCEF41BABB895006FDFF5 /* TerminalSummary */ = {
			isa = PBXGroup;
			children = (
				E1A2EBAE1B6E920500C27EB2 /* TerminalSummary.swift */,
				E13BCEF91BABBAA1006FDFF5 /* TerminalSummaryArrivalsListResponse.swift */,
				E13BCEF71BABB985006FDFF5 /* TerminalSummaryArrivalsResponse.swift */,
				E13BCEF51BABB8F1006FDFF5 /* TerminalSummaryResponse.swift */,
			);
			name = TerminalSummary;
			sourceTree = "<group>";
		};
		E14E159C1BB1D869009D1E17 /* Antenna */ = {
			isa = PBXGroup;
			children = (
				E14E159D1BB1DA9F009D1E17 /* AntennaResponseSpec.swift */,
				E14E159A1BB1D856009D1E17 /* AntennaSpec.swift */,
			);
			name = Antenna;
			sourceTree = "<group>";
		};
		E177ED031BB4710400DD4499 /* Dashboard */ = {
			isa = PBXGroup;
			children = (
				C2B667101BA7577600BA28E2 /* DashboardView.swift */,
				E1AE8CE21BB5A2E3004E243E /* FlightCell.swift */,
				C207D6FB1BAB86D800273374 /* FlightStatusView.swift */,
				C200BE261BA8D3A300B7F56F /* HourPickerView.swift */,
				C2B667281BA7833400BA28E2 /* TerminalSummaryView.swift */,
				C200BE201BA8C21600B7F56F /* TerminalView.swift */,
				C200BE221BA8D05D00B7F56F /* TimerView.swift */,
			);
			name = Dashboard;
			sourceTree = "<group>";
		};
		E17C22EF1BBC4B1100E40E6C /* TerminalSummary */ = {
			isa = PBXGroup;
			children = (
				E17C22F01BBC4B8900E40E6C /* TerminalSummarySpec.swift */,
				E17C22F21BBC505A00E40E6C /* TerminalSummaryArrivalsListResponseSpec.swift */,
				E17C22F61BBC621300E40E6C /* TerminalSummaryArrivalsResponse.swift */,
				E17C22F41BBC61F000E40E6C /* TerminalSummaryResponseSpec.swift */,
			);
			name = TerminalSummary;
			sourceTree = "<group>";
		};
		E187368A1BA8E9D000B6C7D8 /* Cid */ = {
			isa = PBXGroup;
			children = (
				E187368B1BA8EA0900B6C7D8 /* AllCidsResponse.swift */,
				E18FF6901BA870AF00FE93B9 /* Cid.swift */,
				E187368D1BA8EADE00B6C7D8 /* CidListResponse.swift */,
				E187368F1BA8EBED00B6C7D8 /* CidResponse.swift */,
			);
			name = Cid;
			sourceTree = "<group>";
		};
		E18FFE2A1BB1A083003D192A /* Controllers */ = {
			isa = PBXGroup;
			children = (
				C2897A921BB5E6CC00FE1B40 /* Networking */,
				C2DA57761BA34451000875D7 /* DashboardVCSpec.swift */,
				C28224671BB09C32007F284F /* FlightStatusVCSpec.swift */,
				C28224651BB09BCB007F284F /* TerminalSummaryVCSpec.swift */,
			);
			name = Controllers;
			sourceTree = "<group>";
		};
		E18FFE2B1BB1A092003D192A /* Models */ = {
			isa = PBXGroup;
			children = (
				E14E159C1BB1D869009D1E17 /* Antenna */,
				E1BDE2861BB1E673006C0A42 /* AutomaticVehicleId */,
				E1BDE28B1BB1EB09006C0A42 /* Cid */,
				E1E6EF9C1BB2053B0039C5F3 /* Driver */,
				E18FFE2C1BB1A0A0003D192A /* Flight */,
				E112C3011BB2FCE500B1DF48 /* Geofence */,
				E112C30A1BB3130E00B1DF48 /* LotStatus */,
				E17C22EF1BBC4B1100E40E6C /* TerminalSummary */,
				E1FDB2661BBC47C800F8F452 /* Shared */,
				E1ADA7061BBC328700766DB1 /* ReferenceConfig */,
			);
			name = Models;
			sourceTree = "<group>";
		};
		E18FFE2C1BB1A0A0003D192A /* Flight */ = {
			isa = PBXGroup;
			children = (
				E18FFE281BB19ED2003D192A /* FlightsForTerminalResponseSpec.swift */,
				E1598CE31BB1ACB100E933AD /* FlightSpec.swift */,
				E1598CE51BB1AE3B00E933AD /* FlightDetailResponseSpec.swift */,
				E16E5E151BB1B690003A315A /* FlightStatusSpec.swift */,
			);
			name = Flight;
			sourceTree = "<group>";
		};
		E1A2EBA31B6C2AA400C27EB2 /* Controllers */ = {
			isa = PBXGroup;
			children = (
				C21905661BB0B73E00A3E779 /* Networking */,
				C2DFE5C91B56D2CB0090B55F /* DashboardVC.swift */,
				E1A2EB9F1B6BEF3900C27EB2 /* FlightStatusVC.swift */,
				E13F40971B7D39C200A98B99 /* TerminalSummaryVC.swift */,
			);
			name = Controllers;
			sourceTree = "<group>";
		};
		E1A2EBA41B6C2B3600C27EB2 /* Models */ = {
			isa = PBXGroup;
			children = (
				C27450B81BB496A800D33CDD /* Airline */,
				E1B393731BAC601900FC2970 /* Antenna */,
				E1B393741BAC610E00FC2970 /* AutomaticVehicleId */,
				E187368A1BA8E9D000B6C7D8 /* Cid */,
				E1B393771BAC620E00FC2970 /* Driver */,
				E13BCEEF1BABAD32006FDFF5 /* Flight */,
				C24486EE1BA89DD100A19A9D /* Geofence */,
				E1B393791BAC66E900FC2970 /* LotStatus */,
				E1B393781BAC625E00FC2970 /* ReferenceConfig */,
				C2635E271BB0CB55003C22B1 /* Shared */,
				E13BCEF41BABB895006FDFF5 /* TerminalSummary */,
				C2635E281BB0CB5F003C22B1 /* Trip */,
			);
			name = Models;
			sourceTree = "<group>";
		};
		E1A2EBA51B6C2BC600C27EB2 /* Views */ = {
			isa = PBXGroup;
			children = (
				E177ED031BB4710400DD4499 /* Dashboard */,
				C2DFE5D01B56D2CB0090B55F /* LaunchScreen.xib */,
			);
			name = Views;
			sourceTree = "<group>";
		};
		E1ADA7061BBC328700766DB1 /* ReferenceConfig */ = {
			isa = PBXGroup;
			children = (
				E1ADA7021BBC325B00766DB1 /* ReferenceConfigSpec.swift */,
				E1ADA7041BBC327600766DB1 /* ReferenceConfigResponseSpec.swift */,
			);
			name = ReferenceConfig;
			sourceTree = "<group>";
		};
		E1B393731BAC601900FC2970 /* Antenna */ = {
			isa = PBXGroup;
			children = (
				E18FF68E1BA869A300FE93B9 /* Antenna.swift */,
				E18736881BA8E7D800B6C7D8 /* AntennaResponse.swift */,
			);
			name = Antenna;
			sourceTree = "<group>";
		};
		E1B393741BAC610E00FC2970 /* AutomaticVehicleId */ = {
			isa = PBXGroup;
			children = (
				E18FF68C1BA8667500FE93B9 /* AutomaticVehicleId.swift */,
				E1B393751BAC614F00FC2970 /* AutomaticVehicleIdResponse.swift */,
			);
			name = AutomaticVehicleId;
			sourceTree = "<group>";
		};
		E1B393771BAC620E00FC2970 /* Driver */ = {
			isa = PBXGroup;
			children = (
				E16399D41BA7B99400EDE0AE /* Driver.swift */,
				E1666F981BA8D25600C95F96 /* DriverResponse.swift */,
			);
			name = Driver;
			sourceTree = "<group>";
		};
		E1B393781BAC625E00FC2970 /* ReferenceConfig */ = {
			isa = PBXGroup;
			children = (
				E108B1741BA7C1DE00481AF1 /* ReferenceConfig.swift */,
				E1DCC1FE1BA8DEAC0016B725 /* ReferenceConfigResponse.swift */,
			);
			name = ReferenceConfig;
			sourceTree = "<group>";
		};
		E1B393791BAC66E900FC2970 /* LotStatus */ = {
			isa = PBXGroup;
			children = (
				E1B3937A1BAC66FE00FC2970 /* LotStatus.swift */,
				E1B3937C1BAC681B00FC2970 /* LotStatusEnum.swift */,
				E1B8271D1B7CF14B00CC32EF /* LotStatusResponse.swift */,
			);
			name = LotStatus;
			sourceTree = "<group>";
		};
		E1BDE2861BB1E673006C0A42 /* AutomaticVehicleId */ = {
			isa = PBXGroup;
			children = (
				E1BDE2891BB1E76C006C0A42 /* AutomaticVehicleIdResponseSpec.swift */,
				E1BDE2871BB1E6AE006C0A42 /* AutomaticVehicleIdSpec.swift */,
			);
			name = AutomaticVehicleId;
			sourceTree = "<group>";
		};
		E1BDE28B1BB1EB09006C0A42 /* Cid */ = {
			isa = PBXGroup;
			children = (
				E1BDE2921BB1EFBB006C0A42 /* AllCidsResponseSpec.swift */,
				E1BDE28E1BB1EDDD006C0A42 /* CidResponseSpec.swift */,
				E1BDE2901BB1EEE6006C0A42 /* CidListResponseSpec.swift */,
				E1BDE28C1BB1EB21006C0A42 /* CidSpec.swift */,
			);
			name = Cid;
			sourceTree = "<group>";
		};
		E1CDE7101B66DF0600AB27D2 /* Fonts */ = {
			isa = PBXGroup;
			children = (
				E1CDE76C1B66E95E00AB27D2 /* MyriadPro-Semibold.otf */,
				E1CDE76D1B66E95E00AB27D2 /* MyriadPro-Regular.otf */,
				E1CDE7801B66E95E00AB27D2 /* MyriadPro-Bold.otf */,
			);
			name = Fonts;
			sourceTree = "<group>";
		};
		E1E6EF9C1BB2053B0039C5F3 /* Driver */ = {
			isa = PBXGroup;
			children = (
				E1E6EF9F1BB205600039C5F3 /* DriverResponseSpec.swift */,
				E1E6EF9D1BB205520039C5F3 /* DriverSpec.swift */,
			);
			name = Driver;
			sourceTree = "<group>";
		};
		E1FDB2661BBC47C800F8F452 /* Shared */ = {
			isa = PBXGroup;
			children = (
				E1FDB2671BBC47E500F8F452 /* CredentialSpec.swift */,
			);
			name = Shared;
			sourceTree = "<group>";
		};
		FA0E1FD01BAF1D9500B8F921 /* Utility */ = {
			isa = PBXGroup;
			children = (
				C21775F81BB08CAC008B24EA /* Color.swift */,
				FA650FF71BB20CDB003D1939 /* DateTransform.swift */,
				FA0E1FD11BAF1DD500B8F921 /* Font.swift */,
				C2B15ADE1BBB16010049B97C /* Image.swift */,
				E1AE8CE41BB5A310004E243E /* UIButton+positionLabel.swift */,
				E1CDE70E1B66D79800AB27D2 /* UiConstants.swift */,
				E145E64A1B87A590003D1870 /* UIImage+initWithColor.swift */,
				E17352841B8CEC9B0031950B /* UiHelpers.swift */,
			);
			name = Utility;
			sourceTree = "<group>";
		};
		FA32EC031B88362F001428B5 /* Resources */ = {
			isa = PBXGroup;
			children = (
				E1CDE7101B66DF0600AB27D2 /* Fonts */,
				C2DFE5CE1B56D2CB0090B55F /* Images.xcassets */,
				FA32EC041B8836A5001428B5 /* JPEG */,
				E12264A01B795A65002B36CA /* Localizable.strings */,
			);
			name = Resources;
			sourceTree = "<group>";
		};
		FA32EC041B8836A5001428B5 /* JPEG */ = {
			isa = PBXGroup;
			children = (
				FA32EC0D1B883B44001428B5 /* terminal_bg.jpg */,
				FA32EC051B8836B7001428B5 /* green_bg.jpg */,
				FA32EC061B8836B7001428B5 /* red_bg.jpg */,
				FA32EC071B8836B7001428B5 /* yellow_bg.jpg */,
			);
			name = JPEG;
			sourceTree = "<group>";
		};
/* End PBXGroup section */

/* Begin PBXNativeTarget section */
		C2DFE5C11B56D2CB0090B55F /* ShortTrips */ = {
			isa = PBXNativeTarget;
			buildConfigurationList = C2DFE5E11B56D2CB0090B55F /* Build configuration list for PBXNativeTarget "ShortTrips" */;
			buildPhases = (
				80F941BF7BEFAC89FAA6ED51 /* Check Pods Manifest.lock */,
				C2DFE5BE1B56D2CB0090B55F /* Sources */,
				C2DFE5BF1B56D2CB0090B55F /* Frameworks */,
				C2DFE5C01B56D2CB0090B55F /* Resources */,
				22232676475BDF9F82A544E6 /* Embed Pods Frameworks */,
				58BBDC3FAB35F59C25E8B615 /* Copy Pods Resources */,
				E179C6741BC08BA00093CAA3 /* ShellScript */,
			);
			buildRules = (
			);
			dependencies = (
			);
			name = ShortTrips;
			productName = ShortTrips;
			productReference = C2DFE5C21B56D2CB0090B55F /* ShortTrips.app */;
			productType = "com.apple.product-type.application";
		};
		C2DFE5D61B56D2CB0090B55F /* ShortTripsTests */ = {
			isa = PBXNativeTarget;
			buildConfigurationList = C2DFE5E41B56D2CB0090B55F /* Build configuration list for PBXNativeTarget "ShortTripsTests" */;
			buildPhases = (
				27C305F25B4DA8342C1EBDCE /* Check Pods Manifest.lock */,
				C2DFE5D31B56D2CB0090B55F /* Sources */,
				C2DFE5D41B56D2CB0090B55F /* Frameworks */,
				C2DFE5D51B56D2CB0090B55F /* Resources */,
				AD6A38E3BBB38FD92B31777A /* Embed Pods Frameworks */,
				2A54D30F883C670AE2AFD189 /* Copy Pods Resources */,
			);
			buildRules = (
			);
			dependencies = (
				C2DFE5D91B56D2CB0090B55F /* PBXTargetDependency */,
			);
			name = ShortTripsTests;
			productName = ShortTripsTests;
			productReference = C2DFE5D71B56D2CB0090B55F /* ShortTripsTests.xctest */;
			productType = "com.apple.product-type.bundle.unit-test";
		};
/* End PBXNativeTarget section */

/* Begin PBXProject section */
		C2DFE5BA1B56D2CB0090B55F /* Project object */ = {
			isa = PBXProject;
			attributes = {
				LastSwiftUpdateCheck = 0700;
				LastUpgradeCheck = 0700;
				ORGANIZATIONNAME = SFO;
				TargetAttributes = {
					C2DFE5C11B56D2CB0090B55F = {
						CreatedOnToolsVersion = 6.4;
						DevelopmentTeam = HLT4EP89K7;
						SystemCapabilities = {
							com.apple.SafariKeychain = {
								enabled = 0;
							};
						};
					};
					C2DFE5D61B56D2CB0090B55F = {
						CreatedOnToolsVersion = 6.4;
						TestTargetID = C2DFE5C11B56D2CB0090B55F;
					};
				};
			};
			buildConfigurationList = C2DFE5BD1B56D2CB0090B55F /* Build configuration list for PBXProject "ShortTrips" */;
			compatibilityVersion = "Xcode 3.2";
			developmentRegion = English;
			hasScannedForEncodings = 0;
			knownRegions = (
				en,
				Base,
				fr,
			);
			mainGroup = C2DFE5B91B56D2CB0090B55F;
			productRefGroup = C2DFE5C31B56D2CB0090B55F /* Products */;
			projectDirPath = "";
			projectRoot = "";
			targets = (
				C2DFE5C11B56D2CB0090B55F /* ShortTrips */,
				C2DFE5D61B56D2CB0090B55F /* ShortTripsTests */,
			);
		};
/* End PBXProject section */

/* Begin PBXResourcesBuildPhase section */
		C2DFE5C01B56D2CB0090B55F /* Resources */ = {
			isa = PBXResourcesBuildPhase;
			buildActionMask = 2147483647;
			files = (
				E1CDE7A81B66E95E00AB27D2 /* MyriadPro-Bold.otf in Resources */,
				FA32EC081B8836B7001428B5 /* green_bg.jpg in Resources */,
				E1CDE7951B66E95E00AB27D2 /* MyriadPro-Regular.otf in Resources */,
				C2DFE5D21B56D2CB0090B55F /* LaunchScreen.xib in Resources */,
				E1CDE7941B66E95E00AB27D2 /* MyriadPro-Semibold.otf in Resources */,
				FA32EC0E1B883B44001428B5 /* terminal_bg.jpg in Resources */,
				FA32EC0A1B8836B7001428B5 /* yellow_bg.jpg in Resources */,
				FA32EC091B8836B7001428B5 /* red_bg.jpg in Resources */,
				E122649E1B795A65002B36CA /* Localizable.strings in Resources */,
				C2DFE5CF1B56D2CB0090B55F /* Images.xcassets in Resources */,
			);
			runOnlyForDeploymentPostprocessing = 0;
		};
		C2DFE5D51B56D2CB0090B55F /* Resources */ = {
			isa = PBXResourcesBuildPhase;
			buildActionMask = 2147483647;
			files = (
				C28224621BB09A8A007F284F /* MyriadPro-Semibold.otf in Resources */,
				C28224631BB09A8A007F284F /* MyriadPro-Regular.otf in Resources */,
				C28224641BB09A8A007F284F /* MyriadPro-Bold.otf in Resources */,
			);
			runOnlyForDeploymentPostprocessing = 0;
		};
/* End PBXResourcesBuildPhase section */

/* Begin PBXShellScriptBuildPhase section */
		22232676475BDF9F82A544E6 /* Embed Pods Frameworks */ = {
			isa = PBXShellScriptBuildPhase;
			buildActionMask = 2147483647;
			files = (
			);
			inputPaths = (
			);
			name = "Embed Pods Frameworks";
			outputPaths = (
			);
			runOnlyForDeploymentPostprocessing = 0;
			shellPath = /bin/sh;
			shellScript = "\"${SRCROOT}/Pods/Target Support Files/Pods-ShortTrips/Pods-ShortTrips-frameworks.sh\"\n";
			showEnvVarsInLog = 0;
		};
		27C305F25B4DA8342C1EBDCE /* Check Pods Manifest.lock */ = {
			isa = PBXShellScriptBuildPhase;
			buildActionMask = 2147483647;
			files = (
			);
			inputPaths = (
			);
			name = "Check Pods Manifest.lock";
			outputPaths = (
			);
			runOnlyForDeploymentPostprocessing = 0;
			shellPath = /bin/sh;
			shellScript = "diff \"${PODS_ROOT}/../Podfile.lock\" \"${PODS_ROOT}/Manifest.lock\" > /dev/null\nif [[ $? != 0 ]] ; then\n    cat << EOM\nerror: The sandbox is not in sync with the Podfile.lock. Run 'pod install' or update your CocoaPods installation.\nEOM\n    exit 1\nfi\n";
			showEnvVarsInLog = 0;
		};
		2A54D30F883C670AE2AFD189 /* Copy Pods Resources */ = {
			isa = PBXShellScriptBuildPhase;
			buildActionMask = 2147483647;
			files = (
			);
			inputPaths = (
			);
			name = "Copy Pods Resources";
			outputPaths = (
			);
			runOnlyForDeploymentPostprocessing = 0;
			shellPath = /bin/sh;
			shellScript = "\"${SRCROOT}/Pods/Target Support Files/Pods-ShortTripsTests/Pods-ShortTripsTests-resources.sh\"\n";
			showEnvVarsInLog = 0;
		};
		58BBDC3FAB35F59C25E8B615 /* Copy Pods Resources */ = {
			isa = PBXShellScriptBuildPhase;
			buildActionMask = 2147483647;
			files = (
			);
			inputPaths = (
			);
			name = "Copy Pods Resources";
			outputPaths = (
			);
			runOnlyForDeploymentPostprocessing = 0;
			shellPath = /bin/sh;
			shellScript = "\"${SRCROOT}/Pods/Target Support Files/Pods-ShortTrips/Pods-ShortTrips-resources.sh\"\n";
			showEnvVarsInLog = 0;
		};
		80F941BF7BEFAC89FAA6ED51 /* Check Pods Manifest.lock */ = {
			isa = PBXShellScriptBuildPhase;
			buildActionMask = 2147483647;
			files = (
			);
			inputPaths = (
			);
			name = "Check Pods Manifest.lock";
			outputPaths = (
			);
			runOnlyForDeploymentPostprocessing = 0;
			shellPath = /bin/sh;
			shellScript = "diff \"${PODS_ROOT}/../Podfile.lock\" \"${PODS_ROOT}/Manifest.lock\" > /dev/null\nif [[ $? != 0 ]] ; then\n    cat << EOM\nerror: The sandbox is not in sync with the Podfile.lock. Run 'pod install' or update your CocoaPods installation.\nEOM\n    exit 1\nfi\n";
			showEnvVarsInLog = 0;
		};
		AD6A38E3BBB38FD92B31777A /* Embed Pods Frameworks */ = {
			isa = PBXShellScriptBuildPhase;
			buildActionMask = 2147483647;
			files = (
			);
			inputPaths = (
			);
			name = "Embed Pods Frameworks";
			outputPaths = (
			);
			runOnlyForDeploymentPostprocessing = 0;
			shellPath = /bin/sh;
			shellScript = "\"${SRCROOT}/Pods/Target Support Files/Pods-ShortTripsTests/Pods-ShortTripsTests-frameworks.sh\"\n";
			showEnvVarsInLog = 0;
		};
		E179C6741BC08BA00093CAA3 /* ShellScript */ = {
			isa = PBXShellScriptBuildPhase;
			buildActionMask = 2147483647;
			files = (
			);
			inputPaths = (
			);
			outputPaths = (
			);
			runOnlyForDeploymentPostprocessing = 0;
			shellPath = /bin/sh;
			shellScript = "\"${PODS_ROOT}/Fabric/Fabric.framework/run\" 3835fee2cf704d70edbfdc3210412d698fac6f91 b02f2a3d4fbb6a68768d614d1c14a8492675804a2852693a30e22fadeb6e1fc5";
		};
/* End PBXShellScriptBuildPhase section */

/* Begin PBXSourcesBuildPhase section */
		C2DFE5BE1B56D2CB0090B55F /* Sources */ = {
			isa = PBXSourcesBuildPhase;
			buildActionMask = 2147483647;
			files = (
				C200BE211BA8C21600B7F56F /* TerminalView.swift in Sources */,
				E1AE8CE51BB5A310004E243E /* UIButton+positionLabel.swift in Sources */,
				E13BCEF11BABB426006FDFF5 /* FlightsForTerminalResponse.swift in Sources */,
				E1CDE70F1B66D79800AB27D2 /* UiConstants.swift in Sources */,
				E18FF68F1BA869A300FE93B9 /* Antenna.swift in Sources */,
				E17352851B8CEC9B0031950B /* UiHelpers.swift in Sources */,
				E1A2EBAF1B6E920500C27EB2 /* TerminalSummary.swift in Sources */,
				C207D6FC1BAB86D800273374 /* FlightStatusView.swift in Sources */,
				C27450BA1BB4985E00D33CDD /* AirlineListWrapper.swift in Sources */,
				E1B8271E1B7CF14B00CC32EF /* LotStatusResponse.swift in Sources */,
				E1B393761BAC614F00FC2970 /* AutomaticVehicleIdResponse.swift in Sources */,
				E13F40981B7D39C200A98B99 /* TerminalSummaryVC.swift in Sources */,
				C24486F41BA8B5A300A19A9D /* GeofenceResponse.swift in Sources */,
				E13BCEF81BABB985006FDFF5 /* TerminalSummaryArrivalsResponse.swift in Sources */,
				E13BCEF31BABB733006FDFF5 /* FlightDetailResponse.swift in Sources */,
				E13BCEF61BABB8F1006FDFF5 /* TerminalSummaryResponse.swift in Sources */,
				E1B8271C1B7CEF4200CC32EF /* ApiClient.swift in Sources */,
				E108B1751BA7C1DE00481AF1 /* ReferenceConfig.swift in Sources */,
				C2DFE5CA1B56D2CB0090B55F /* DashboardVC.swift in Sources */,
				C20A53021BB36D04001D1F90 /* AirlineClient.swift in Sources */,
				C200BE231BA8D05D00B7F56F /* TimerView.swift in Sources */,
				C200BE271BA8D3A300B7F56F /* HourPickerView.swift in Sources */,
				E145E64B1B87A590003D1870 /* UIImage+initWithColor.swift in Sources */,
				E18736901BA8EBED00B6C7D8 /* CidResponse.swift in Sources */,
				E11D60971BA7A40100FD4276 /* Geofence.swift in Sources */,
				C27450BC1BB4988200D33CDD /* AirlineListResponse.swift in Sources */,
				C2DFE5C81B56D2CB0090B55F /* AppDelegate.swift in Sources */,
				C2B15ADF1BBB16010049B97C /* Image.swift in Sources */,
				E18FF6931BA877C000FE93B9 /* TripState.swift in Sources */,
				E18FF68D1BA8667500FE93B9 /* AutomaticVehicleId.swift in Sources */,
				C24486F21BA89EA800A19A9D /* AllGeofencesResponse.swift in Sources */,
				C21775F91BB08CAC008B24EA /* Color.swift in Sources */,
				C24486F01BA89DF200A19A9D /* GeofenceListResponse.swift in Sources */,
				E187368C1BA8EA0900B6C7D8 /* AllCidsResponse.swift in Sources */,
				E18FF6951BA8783600FE93B9 /* MobileStateChange.swift in Sources */,
				E18736891BA8E7D800B6C7D8 /* AntennaResponse.swift in Sources */,
				E1A2EBA01B6BEF3900C27EB2 /* FlightStatusVC.swift in Sources */,
				C2B667111BA7577600BA28E2 /* DashboardView.swift in Sources */,
				C2635E2A1BB0CC86003C22B1 /* FlightClient.swift in Sources */,
				FA0E1FD21BAF1DD500B8F921 /* Font.swift in Sources */,
				E18FF6911BA870AF00FE93B9 /* Cid.swift in Sources */,
				C2635E301BB0CE1C003C22B1 /* GeofenceClient.swift in Sources */,
				C21905681BB0B74E00A3E779 /* Url.swift in Sources */,
				E13BCEFA1BABBAA1006FDFF5 /* TerminalSummaryArrivalsListResponse.swift in Sources */,
				C2635E261BB0CA3F003C22B1 /* DispatcherClient.swift in Sources */,
				E1A2EBAD1B6E8FEF00C27EB2 /* FlightStatus.swift in Sources */,
				E1B3937B1BAC66FE00FC2970 /* LotStatus.swift in Sources */,
				E1B3937D1BAC681B00FC2970 /* LotStatusEnum.swift in Sources */,
				FA650FF81BB20CDB003D1939 /* DateTransform.swift in Sources */,
				E1DCC1FF1BA8DEAC0016B725 /* ReferenceConfigResponse.swift in Sources */,
				C23315851BB472490079B916 /* Airline.swift in Sources */,
				C219056A1BB0C87200A3E779 /* DeviceClient.swift in Sources */,
				C2635E2C1BB0CCE4003C22B1 /* DriverClient.swift in Sources */,
				E1AE8CE31BB5A2E3004E243E /* FlightCell.swift in Sources */,
				E15A3CD31BAC86C6002EDE40 /* Credential.swift in Sources */,
				E1666F991BA8D25600C95F96 /* DriverResponse.swift in Sources */,
				E16399D51BA7B99400EDE0AE /* Driver.swift in Sources */,
				C2B667291BA7833400BA28E2 /* TerminalSummaryView.swift in Sources */,
				C2635E2E1BB0CD9A003C22B1 /* ReferenceClient.swift in Sources */,
				E1A2EBA91B6D747F00C27EB2 /* Flight.swift in Sources */,
				E187368E1BA8EADE00B6C7D8 /* CidListResponse.swift in Sources */,
			);
			runOnlyForDeploymentPostprocessing = 0;
		};
		C2DFE5D31B56D2CB0090B55F /* Sources */ = {
			isa = PBXSourcesBuildPhase;
			buildActionMask = 2147483647;
			files = (
				E1ADA7031BBC325B00766DB1 /* ReferenceConfigSpec.swift in Sources */,
				C28224661BB09BCB007F284F /* TerminalSummaryVCSpec.swift in Sources */,
				E17C22F11BBC4B8900E40E6C /* TerminalSummarySpec.swift in Sources */,
				E1598CE41BB1ACB100E933AD /* FlightSpec.swift in Sources */,
				C2DA57771BA34451000875D7 /* DashboardVCSpec.swift in Sources */,
				E17C22F71BBC621300E40E6C /* TerminalSummaryArrivalsResponse.swift in Sources */,
				E17C22F51BBC61F000E40E6C /* TerminalSummaryResponseSpec.swift in Sources */,
				E1598CE61BB1AE3B00E933AD /* FlightDetailResponseSpec.swift in Sources */,
				E1E6EF9E1BB205520039C5F3 /* DriverSpec.swift in Sources */,
				E112C30E1BB3195500B1DF48 /* LotStatusSpec.swift in Sources */,
				E14E159E1BB1DA9F009D1E17 /* AntennaResponseSpec.swift in Sources */,
				E18FFE291BB19ED2003D192A /* FlightsForTerminalResponseSpec.swift in Sources */,
				E1BDE28A1BB1E76C006C0A42 /* AutomaticVehicleIdResponseSpec.swift in Sources */,
				E1BDE28D1BB1EB21006C0A42 /* CidSpec.swift in Sources */,
				E1BDE2881BB1E6AE006C0A42 /* AutomaticVehicleIdSpec.swift in Sources */,
				E1FDB2681BBC47E500F8F452 /* CredentialSpec.swift in Sources */,
				E1BDE28F1BB1EDDD006C0A42 /* CidResponseSpec.swift in Sources */,
				E1BDE2911BB1EEE6006C0A42 /* CidListResponseSpec.swift in Sources */,
				E17C22F31BBC505A00E40E6C /* TerminalSummaryArrivalsListResponseSpec.swift in Sources */,
				E1ADA7051BBC327600766DB1 /* ReferenceConfigResponseSpec.swift in Sources */,
				E112C3051BB2FF0100B1DF48 /* GeofenceResponseSpec.swift in Sources */,
				E112C3091BB3016C00B1DF48 /* AllGeofencesResponseSpec.swift in Sources */,
				E112C3071BB2FFC400B1DF48 /* GeofenceListResponseSpec.swift in Sources */,
				E112C30C1BB3135600B1DF48 /* LotStatusEnumSpec.swift in Sources */,
				E112C3101BB31A5800B1DF48 /* LotStatusResponseSpec.swift in Sources */,
				E1BDE2931BB1EFBB006C0A42 /* AllCidsResponseSpec.swift in Sources */,
				E16E5E161BB1B690003A315A /* FlightStatusSpec.swift in Sources */,
				E14E159B1BB1D856009D1E17 /* AntennaSpec.swift in Sources */,
				E1E6EFA01BB205600039C5F3 /* DriverResponseSpec.swift in Sources */,
				E112C3031BB2FD2500B1DF48 /* GeofenceSpec.swift in Sources */,
				C28224681BB09C32007F284F /* FlightStatusVCSpec.swift in Sources */,
				C2897A941BB5E6ED00FE1B40 /* AirlineClientSpec.swift in Sources */,
			);
			runOnlyForDeploymentPostprocessing = 0;
		};
/* End PBXSourcesBuildPhase section */

/* Begin PBXTargetDependency section */
		C2DFE5D91B56D2CB0090B55F /* PBXTargetDependency */ = {
			isa = PBXTargetDependency;
			target = C2DFE5C11B56D2CB0090B55F /* ShortTrips */;
			targetProxy = C2DFE5D81B56D2CB0090B55F /* PBXContainerItemProxy */;
		};
/* End PBXTargetDependency section */

/* Begin PBXVariantGroup section */
		C2DFE5D01B56D2CB0090B55F /* LaunchScreen.xib */ = {
			isa = PBXVariantGroup;
			children = (
				C2DFE5D11B56D2CB0090B55F /* Base */,
			);
			name = LaunchScreen.xib;
			sourceTree = "<group>";
		};
		E12264A01B795A65002B36CA /* Localizable.strings */ = {
			isa = PBXVariantGroup;
			children = (
				E122649F1B795A65002B36CA /* fr */,
				E12264A11B795A6F002B36CA /* Base */,
			);
			name = Localizable.strings;
			sourceTree = "<group>";
		};
/* End PBXVariantGroup section */

/* Begin XCBuildConfiguration section */
		C2DFE5DF1B56D2CB0090B55F /* Debug */ = {
			isa = XCBuildConfiguration;
			buildSettings = {
				ALWAYS_SEARCH_USER_PATHS = NO;
				CLANG_CXX_LANGUAGE_STANDARD = "gnu++0x";
				CLANG_CXX_LIBRARY = "libc++";
				CLANG_ENABLE_MODULES = YES;
				CLANG_ENABLE_OBJC_ARC = YES;
				CLANG_WARN_BOOL_CONVERSION = YES;
				CLANG_WARN_CONSTANT_CONVERSION = YES;
				CLANG_WARN_DIRECT_OBJC_ISA_USAGE = YES_ERROR;
				CLANG_WARN_EMPTY_BODY = YES;
				CLANG_WARN_ENUM_CONVERSION = YES;
				CLANG_WARN_INT_CONVERSION = YES;
				CLANG_WARN_OBJC_ROOT_CLASS = YES_ERROR;
				CLANG_WARN_UNREACHABLE_CODE = YES;
				CLANG_WARN__DUPLICATE_METHOD_MATCH = YES;
				COPY_PHASE_STRIP = NO;
				DEBUG_INFORMATION_FORMAT = "dwarf-with-dsym";
				DEFINES_MODULE = NO;
				ENABLE_STRICT_OBJC_MSGSEND = YES;
				ENABLE_TESTABILITY = YES;
				GCC_C_LANGUAGE_STANDARD = gnu99;
				GCC_DYNAMIC_NO_PIC = NO;
				GCC_NO_COMMON_BLOCKS = YES;
				GCC_OPTIMIZATION_LEVEL = 0;
				GCC_PREPROCESSOR_DEFINITIONS = (
					"DEBUG=1",
					"$(inherited)",
				);
				GCC_SYMBOLS_PRIVATE_EXTERN = NO;
				GCC_TREAT_WARNINGS_AS_ERRORS = YES;
				GCC_WARN_64_TO_32_BIT_CONVERSION = YES;
				GCC_WARN_ABOUT_RETURN_TYPE = YES_ERROR;
				GCC_WARN_UNDECLARED_SELECTOR = YES;
				GCC_WARN_UNINITIALIZED_AUTOS = YES_AGGRESSIVE;
				GCC_WARN_UNUSED_FUNCTION = YES;
				GCC_WARN_UNUSED_VARIABLE = YES;
				IPHONEOS_DEPLOYMENT_TARGET = 8.4;
				MTL_ENABLE_DEBUG_INFO = YES;
				ONLY_ACTIVE_ARCH = YES;
				SDKROOT = iphoneos;
				SWIFT_OPTIMIZATION_LEVEL = "-Onone";
			};
			name = Debug;
		};
		C2DFE5E01B56D2CB0090B55F /* Release */ = {
			isa = XCBuildConfiguration;
			buildSettings = {
				ALWAYS_SEARCH_USER_PATHS = NO;
				CLANG_CXX_LANGUAGE_STANDARD = "gnu++0x";
				CLANG_CXX_LIBRARY = "libc++";
				CLANG_ENABLE_MODULES = YES;
				CLANG_ENABLE_OBJC_ARC = YES;
				CLANG_WARN_BOOL_CONVERSION = YES;
				CLANG_WARN_CONSTANT_CONVERSION = YES;
				CLANG_WARN_DIRECT_OBJC_ISA_USAGE = YES_ERROR;
				CLANG_WARN_EMPTY_BODY = YES;
				CLANG_WARN_ENUM_CONVERSION = YES;
				CLANG_WARN_INT_CONVERSION = YES;
				CLANG_WARN_OBJC_ROOT_CLASS = YES_ERROR;
				CLANG_WARN_UNREACHABLE_CODE = YES;
				CLANG_WARN__DUPLICATE_METHOD_MATCH = YES;
				COPY_PHASE_STRIP = NO;
				DEBUG_INFORMATION_FORMAT = "dwarf-with-dsym";
				DEFINES_MODULE = NO;
				ENABLE_NS_ASSERTIONS = NO;
				ENABLE_STRICT_OBJC_MSGSEND = YES;
				GCC_C_LANGUAGE_STANDARD = gnu99;
				GCC_NO_COMMON_BLOCKS = YES;
				GCC_TREAT_WARNINGS_AS_ERRORS = YES;
				GCC_WARN_64_TO_32_BIT_CONVERSION = YES;
				GCC_WARN_ABOUT_RETURN_TYPE = YES_ERROR;
				GCC_WARN_UNDECLARED_SELECTOR = YES;
				GCC_WARN_UNINITIALIZED_AUTOS = YES_AGGRESSIVE;
				GCC_WARN_UNUSED_FUNCTION = YES;
				GCC_WARN_UNUSED_VARIABLE = YES;
				IPHONEOS_DEPLOYMENT_TARGET = 8.4;
				MTL_ENABLE_DEBUG_INFO = NO;
				SDKROOT = iphoneos;
				VALIDATE_PRODUCT = YES;
			};
			name = Release;
		};
		C2DFE5E21B56D2CB0090B55F /* Debug */ = {
			isa = XCBuildConfiguration;
			baseConfigurationReference = D524E6237781C1A38B7FCDF1 /* Pods-ShortTrips.debug.xcconfig */;
			buildSettings = {
				ASSETCATALOG_COMPILER_APPICON_NAME = AppIcon;
				CODE_SIGN_ENTITLEMENTS = ShortTrips/ShortTrips.entitlements;
				CODE_SIGN_IDENTITY = "iPhone Developer";
				"CODE_SIGN_IDENTITY[sdk=iphoneos*]" = "iPhone Developer";
				GCC_TREAT_WARNINGS_AS_ERRORS = YES;
				INFOPLIST_FILE = ShortTrips/Info.plist;
				IPHONEOS_DEPLOYMENT_TARGET = 8.0;
				LD_RUNPATH_SEARCH_PATHS = "$(inherited) @executable_path/Frameworks";
				PRODUCT_BUNDLE_IDENTIFIER = "com.flysfo.short-trips";
				PRODUCT_NAME = "$(TARGET_NAME)";
				PROVISIONING_PROFILE = "";
			};
			name = Debug;
		};
		C2DFE5E31B56D2CB0090B55F /* Release */ = {
			isa = XCBuildConfiguration;
			baseConfigurationReference = 6C387AE349CA07C52915EF9A /* Pods-ShortTrips.release.xcconfig */;
			buildSettings = {
				ASSETCATALOG_COMPILER_APPICON_NAME = AppIcon;
				CODE_SIGN_ENTITLEMENTS = ShortTrips/ShortTrips.entitlements;
				CODE_SIGN_IDENTITY = "iPhone Distribution: Exygy (HLT4EP89K7)";
				"CODE_SIGN_IDENTITY[sdk=iphoneos*]" = "iPhone Distribution: Exygy (HLT4EP89K7)";
				GCC_TREAT_WARNINGS_AS_ERRORS = YES;
				INFOPLIST_FILE = ShortTrips/Info.plist;
				IPHONEOS_DEPLOYMENT_TARGET = 8.0;
				LD_RUNPATH_SEARCH_PATHS = "$(inherited) @executable_path/Frameworks";
				PRODUCT_BUNDLE_IDENTIFIER = "com.flysfo.short-trips";
				PRODUCT_NAME = "$(TARGET_NAME)";
				PROVISIONING_PROFILE = "858c8a1b-85b8-4958-a9e6-50100dd3a238";
			};
			name = Release;
		};
		C2DFE5E51B56D2CB0090B55F /* Debug */ = {
			isa = XCBuildConfiguration;
			baseConfigurationReference = 74CF35C7BCD34379EA4B5AF4 /* Pods-ShortTripsTests.debug.xcconfig */;
			buildSettings = {
				BUNDLE_LOADER = "$(TEST_HOST)";
				FRAMEWORK_SEARCH_PATHS = (
					"$(SDKROOT)/Developer/Library/Frameworks",
					"$(inherited)",
				);
				GCC_PREPROCESSOR_DEFINITIONS = (
					"DEBUG=1",
					"$(inherited)",
				);
				GCC_TREAT_WARNINGS_AS_ERRORS = YES;
				INFOPLIST_FILE = ShortTripsTests/Info.plist;
				LD_RUNPATH_SEARCH_PATHS = "$(inherited) @executable_path/Frameworks @loader_path/Frameworks";
				PRODUCT_BUNDLE_IDENTIFIER = "com.flysfo.$(PRODUCT_NAME:rfc1034identifier)";
				PRODUCT_NAME = "$(TARGET_NAME)";
				TEST_HOST = "$(BUILT_PRODUCTS_DIR)/ShortTrips.app/ShortTrips";
			};
			name = Debug;
		};
		C2DFE5E61B56D2CB0090B55F /* Release */ = {
			isa = XCBuildConfiguration;
			baseConfigurationReference = 8C1EEE491F8AB773F5CE16CE /* Pods-ShortTripsTests.release.xcconfig */;
			buildSettings = {
				BUNDLE_LOADER = "$(TEST_HOST)";
				FRAMEWORK_SEARCH_PATHS = (
					"$(SDKROOT)/Developer/Library/Frameworks",
					"$(inherited)",
				);
				GCC_TREAT_WARNINGS_AS_ERRORS = YES;
				INFOPLIST_FILE = ShortTripsTests/Info.plist;
				LD_RUNPATH_SEARCH_PATHS = "$(inherited) @executable_path/Frameworks @loader_path/Frameworks";
				PRODUCT_BUNDLE_IDENTIFIER = "com.flysfo.$(PRODUCT_NAME:rfc1034identifier)";
				PRODUCT_NAME = "$(TARGET_NAME)";
				TEST_HOST = "$(BUILT_PRODUCTS_DIR)/ShortTrips.app/ShortTrips";
			};
			name = Release;
		};
/* End XCBuildConfiguration section */

/* Begin XCConfigurationList section */
		C2DFE5BD1B56D2CB0090B55F /* Build configuration list for PBXProject "ShortTrips" */ = {
			isa = XCConfigurationList;
			buildConfigurations = (
				C2DFE5DF1B56D2CB0090B55F /* Debug */,
				C2DFE5E01B56D2CB0090B55F /* Release */,
			);
			defaultConfigurationIsVisible = 0;
			defaultConfigurationName = Release;
		};
		C2DFE5E11B56D2CB0090B55F /* Build configuration list for PBXNativeTarget "ShortTrips" */ = {
			isa = XCConfigurationList;
			buildConfigurations = (
				C2DFE5E21B56D2CB0090B55F /* Debug */,
				C2DFE5E31B56D2CB0090B55F /* Release */,
			);
			defaultConfigurationIsVisible = 0;
			defaultConfigurationName = Release;
		};
		C2DFE5E41B56D2CB0090B55F /* Build configuration list for PBXNativeTarget "ShortTripsTests" */ = {
			isa = XCConfigurationList;
			buildConfigurations = (
				C2DFE5E51B56D2CB0090B55F /* Debug */,
				C2DFE5E61B56D2CB0090B55F /* Release */,
			);
			defaultConfigurationIsVisible = 0;
			defaultConfigurationName = Release;
		};
/* End XCConfigurationList section */
	};
	rootObject = C2DFE5BA1B56D2CB0090B55F /* Project object */;
}
