// !$*UTF8*$!
{
	archiveVersion = 1;
	classes = {
	};
	objectVersion = 46;
	objects = {

/* Begin PBXBuildFile section */
		01937E5EB89C54E6045C76F1 /* Pods_ShortTrips.framework in Frameworks */ = {isa = PBXBuildFile; fileRef = 81AB3E7D2C8CBBF8AF294E13 /* Pods_ShortTrips.framework */; settings = {ATTRIBUTES = (Weak, ); }; };
		5062C2B0F9B113B3BD8778A1 /* Pods_ShortTripsTests.framework in Frameworks */ = {isa = PBXBuildFile; fileRef = 9F853EB5ED3B732FCC78F3D1 /* Pods_ShortTripsTests.framework */; settings = {ATTRIBUTES = (Weak, ); }; };
		C24486F01BA89DF200A19A9D /* GeofenceListResponse.swift in Sources */ = {isa = PBXBuildFile; fileRef = C24486EF1BA89DF200A19A9D /* GeofenceListResponse.swift */; };
		C24486F21BA89EA800A19A9D /* AllGeofencesResponse.swift in Sources */ = {isa = PBXBuildFile; fileRef = C24486F11BA89EA800A19A9D /* AllGeofencesResponse.swift */; };
		C24486F41BA8B5A300A19A9D /* GeofenceResponse.swift in Sources */ = {isa = PBXBuildFile; fileRef = C24486F31BA8B5A300A19A9D /* GeofenceResponse.swift */; };
		C2DA57771BA34451000875D7 /* DashboardVCSpec.swift in Sources */ = {isa = PBXBuildFile; fileRef = C2DA57761BA34451000875D7 /* DashboardVCSpec.swift */; };
		C2DA57781BA34992000875D7 /* Main.storyboard in Resources */ = {isa = PBXBuildFile; fileRef = C2DFE5CB1B56D2CB0090B55F /* Main.storyboard */; };
		C2DFE5C81B56D2CB0090B55F /* AppDelegate.swift in Sources */ = {isa = PBXBuildFile; fileRef = C2DFE5C71B56D2CB0090B55F /* AppDelegate.swift */; };
		C2DFE5CA1B56D2CB0090B55F /* DashboardVC.swift in Sources */ = {isa = PBXBuildFile; fileRef = C2DFE5C91B56D2CB0090B55F /* DashboardVC.swift */; };
		C2DFE5CD1B56D2CB0090B55F /* Main.storyboard in Resources */ = {isa = PBXBuildFile; fileRef = C2DFE5CB1B56D2CB0090B55F /* Main.storyboard */; };
		C2DFE5CF1B56D2CB0090B55F /* Images.xcassets in Resources */ = {isa = PBXBuildFile; fileRef = C2DFE5CE1B56D2CB0090B55F /* Images.xcassets */; };
		C2DFE5D21B56D2CB0090B55F /* LaunchScreen.xib in Resources */ = {isa = PBXBuildFile; fileRef = C2DFE5D01B56D2CB0090B55F /* LaunchScreen.xib */; };
		E108B1751BA7C1DE00481AF1 /* ReferenceConfig.swift in Sources */ = {isa = PBXBuildFile; fileRef = E108B1741BA7C1DE00481AF1 /* ReferenceConfig.swift */; };
		E11D60971BA7A40100FD4276 /* Geofence.swift in Sources */ = {isa = PBXBuildFile; fileRef = E11D60961BA7A40100FD4276 /* Geofence.swift */; };
		E122649E1B795A65002B36CA /* Localizable.strings in Resources */ = {isa = PBXBuildFile; fileRef = E12264A01B795A65002B36CA /* Localizable.strings */; };
		E13F40981B7D39C200A98B99 /* TerminalSummaryVC.swift in Sources */ = {isa = PBXBuildFile; fileRef = E13F40971B7D39C200A98B99 /* TerminalSummaryVC.swift */; };
		E145E64B1B87A590003D1870 /* UIImage+initWithColor.swift in Sources */ = {isa = PBXBuildFile; fileRef = E145E64A1B87A590003D1870 /* UIImage+initWithColor.swift */; };
		E14DBDDB1B867A8400819C91 /* UpdateTimer.swift in Sources */ = {isa = PBXBuildFile; fileRef = E14DBDDA1B867A8400819C91 /* UpdateTimer.swift */; };
		E16399D51BA7B99400EDE0AE /* Driver.swift in Sources */ = {isa = PBXBuildFile; fileRef = E16399D41BA7B99400EDE0AE /* Driver.swift */; };
		E1666F991BA8D25600C95F96 /* DriverResponse.swift in Sources */ = {isa = PBXBuildFile; fileRef = E1666F981BA8D25600C95F96 /* DriverResponse.swift */; };
		E17352851B8CEC9B0031950B /* UiHelpers.swift in Sources */ = {isa = PBXBuildFile; fileRef = E17352841B8CEC9B0031950B /* UiHelpers.swift */; };
		E1A2EBA01B6BEF3900C27EB2 /* FlightStatusVC.swift in Sources */ = {isa = PBXBuildFile; fileRef = E1A2EB9F1B6BEF3900C27EB2 /* FlightStatusVC.swift */; };
		E1A2EBA21B6C218D00C27EB2 /* FlightCell.swift in Sources */ = {isa = PBXBuildFile; fileRef = E1A2EBA11B6C218D00C27EB2 /* FlightCell.swift */; };
		E1A2EBA91B6D747F00C27EB2 /* Flight.swift in Sources */ = {isa = PBXBuildFile; fileRef = E1A2EBA81B6D747F00C27EB2 /* Flight.swift */; };
		E1A2EBAB1B6D767000C27EB2 /* Airline.swift in Sources */ = {isa = PBXBuildFile; fileRef = E1A2EBAA1B6D767000C27EB2 /* Airline.swift */; };
		E1A2EBAD1B6E8FEF00C27EB2 /* FlightStatus.swift in Sources */ = {isa = PBXBuildFile; fileRef = E1A2EBAC1B6E8FEF00C27EB2 /* FlightStatus.swift */; };
		E1A2EBAF1B6E920500C27EB2 /* TerminalSummary.swift in Sources */ = {isa = PBXBuildFile; fileRef = E1A2EBAE1B6E920500C27EB2 /* TerminalSummary.swift */; };
		E1B8271C1B7CEF4200CC32EF /* SfoInfoRequester.swift in Sources */ = {isa = PBXBuildFile; fileRef = E1B8271B1B7CEF4200CC32EF /* SfoInfoRequester.swift */; };
		E1B8271E1B7CF14B00CC32EF /* LotStatusResponse.swift in Sources */ = {isa = PBXBuildFile; fileRef = E1B8271D1B7CF14B00CC32EF /* LotStatusResponse.swift */; };
		E1CDE70F1B66D79800AB27D2 /* UiConstants.swift in Sources */ = {isa = PBXBuildFile; fileRef = E1CDE70E1B66D79800AB27D2 /* UiConstants.swift */; };
		E1CDE7891B66E95E00AB27D2 /* MyriadPro-SemiExtIt.otf in Resources */ = {isa = PBXBuildFile; fileRef = E1CDE7611B66E95E00AB27D2 /* MyriadPro-SemiExtIt.otf */; };
		E1CDE78A1B66E95E00AB27D2 /* MyriadPro-SemiExt.otf in Resources */ = {isa = PBXBuildFile; fileRef = E1CDE7621B66E95E00AB27D2 /* MyriadPro-SemiExt.otf */; };
		E1CDE78B1B66E95E00AB27D2 /* MyriadPro-SemiCnIt.otf in Resources */ = {isa = PBXBuildFile; fileRef = E1CDE7631B66E95E00AB27D2 /* MyriadPro-SemiCnIt.otf */; };
		E1CDE78C1B66E95E00AB27D2 /* MyriadPro-SemiCn.otf in Resources */ = {isa = PBXBuildFile; fileRef = E1CDE7641B66E95E00AB27D2 /* MyriadPro-SemiCn.otf */; };
		E1CDE78D1B66E95E00AB27D2 /* MyriadPro-SemiboldSemiExtIt.otf in Resources */ = {isa = PBXBuildFile; fileRef = E1CDE7651B66E95E00AB27D2 /* MyriadPro-SemiboldSemiExtIt.otf */; };
		E1CDE78E1B66E95E00AB27D2 /* MyriadPro-SemiboldSemiExt.otf in Resources */ = {isa = PBXBuildFile; fileRef = E1CDE7661B66E95E00AB27D2 /* MyriadPro-SemiboldSemiExt.otf */; };
		E1CDE78F1B66E95E00AB27D2 /* MyriadPro-SemiboldSemiCnIt.otf in Resources */ = {isa = PBXBuildFile; fileRef = E1CDE7671B66E95E00AB27D2 /* MyriadPro-SemiboldSemiCnIt.otf */; };
		E1CDE7901B66E95E00AB27D2 /* MyriadPro-SemiboldSemiCn.otf in Resources */ = {isa = PBXBuildFile; fileRef = E1CDE7681B66E95E00AB27D2 /* MyriadPro-SemiboldSemiCn.otf */; };
		E1CDE7911B66E95E00AB27D2 /* MyriadPro-SemiboldIt.otf in Resources */ = {isa = PBXBuildFile; fileRef = E1CDE7691B66E95E00AB27D2 /* MyriadPro-SemiboldIt.otf */; };
		E1CDE7921B66E95E00AB27D2 /* MyriadPro-SemiboldCondIt.otf in Resources */ = {isa = PBXBuildFile; fileRef = E1CDE76A1B66E95E00AB27D2 /* MyriadPro-SemiboldCondIt.otf */; };
		E1CDE7931B66E95E00AB27D2 /* MyriadPro-SemiboldCond.otf in Resources */ = {isa = PBXBuildFile; fileRef = E1CDE76B1B66E95E00AB27D2 /* MyriadPro-SemiboldCond.otf */; };
		E1CDE7941B66E95E00AB27D2 /* MyriadPro-Semibold.otf in Resources */ = {isa = PBXBuildFile; fileRef = E1CDE76C1B66E95E00AB27D2 /* MyriadPro-Semibold.otf */; };
		E1CDE7951B66E95E00AB27D2 /* MyriadPro-Regular.otf in Resources */ = {isa = PBXBuildFile; fileRef = E1CDE76D1B66E95E00AB27D2 /* MyriadPro-Regular.otf */; };
		E1CDE7961B66E95E00AB27D2 /* MyriadPro-LightSemiExtIt.otf in Resources */ = {isa = PBXBuildFile; fileRef = E1CDE76E1B66E95E00AB27D2 /* MyriadPro-LightSemiExtIt.otf */; };
		E1CDE7971B66E95E00AB27D2 /* MyriadPro-LightSemiExt.otf in Resources */ = {isa = PBXBuildFile; fileRef = E1CDE76F1B66E95E00AB27D2 /* MyriadPro-LightSemiExt.otf */; };
		E1CDE7981B66E95E00AB27D2 /* MyriadPro-LightSemiCnIt.otf in Resources */ = {isa = PBXBuildFile; fileRef = E1CDE7701B66E95E00AB27D2 /* MyriadPro-LightSemiCnIt.otf */; };
		E1CDE7991B66E95E00AB27D2 /* MyriadPro-LightSemiCn.otf in Resources */ = {isa = PBXBuildFile; fileRef = E1CDE7711B66E95E00AB27D2 /* MyriadPro-LightSemiCn.otf */; };
		E1CDE79A1B66E95E00AB27D2 /* MyriadPro-LightIt.otf in Resources */ = {isa = PBXBuildFile; fileRef = E1CDE7721B66E95E00AB27D2 /* MyriadPro-LightIt.otf */; };
		E1CDE79B1B66E95E00AB27D2 /* MyriadPro-LightCondIt.otf in Resources */ = {isa = PBXBuildFile; fileRef = E1CDE7731B66E95E00AB27D2 /* MyriadPro-LightCondIt.otf */; };
		E1CDE79C1B66E95E00AB27D2 /* MyriadPro-LightCond.otf in Resources */ = {isa = PBXBuildFile; fileRef = E1CDE7741B66E95E00AB27D2 /* MyriadPro-LightCond.otf */; };
		E1CDE79D1B66E95E00AB27D2 /* MyriadPro-Light.otf in Resources */ = {isa = PBXBuildFile; fileRef = E1CDE7751B66E95E00AB27D2 /* MyriadPro-Light.otf */; };
		E1CDE79E1B66E95E00AB27D2 /* MyriadPro-It.otf in Resources */ = {isa = PBXBuildFile; fileRef = E1CDE7761B66E95E00AB27D2 /* MyriadPro-It.otf */; };
		E1CDE79F1B66E95E00AB27D2 /* MyriadPro-CondIt.otf in Resources */ = {isa = PBXBuildFile; fileRef = E1CDE7771B66E95E00AB27D2 /* MyriadPro-CondIt.otf */; };
		E1CDE7A01B66E95E00AB27D2 /* MyriadPro-Cond.otf in Resources */ = {isa = PBXBuildFile; fileRef = E1CDE7781B66E95E00AB27D2 /* MyriadPro-Cond.otf */; };
		E1CDE7A11B66E95E00AB27D2 /* MyriadPro-BoldSemiExtIt.otf in Resources */ = {isa = PBXBuildFile; fileRef = E1CDE7791B66E95E00AB27D2 /* MyriadPro-BoldSemiExtIt.otf */; };
		E1CDE7A21B66E95E00AB27D2 /* MyriadPro-BoldSemiExt.otf in Resources */ = {isa = PBXBuildFile; fileRef = E1CDE77A1B66E95E00AB27D2 /* MyriadPro-BoldSemiExt.otf */; };
		E1CDE7A31B66E95E00AB27D2 /* MyriadPro-BoldSemiCnIt.otf in Resources */ = {isa = PBXBuildFile; fileRef = E1CDE77B1B66E95E00AB27D2 /* MyriadPro-BoldSemiCnIt.otf */; };
		E1CDE7A41B66E95E00AB27D2 /* MyriadPro-BoldSemiCn.otf in Resources */ = {isa = PBXBuildFile; fileRef = E1CDE77C1B66E95E00AB27D2 /* MyriadPro-BoldSemiCn.otf */; };
		E1CDE7A51B66E95E00AB27D2 /* MyriadPro-BoldIt.otf in Resources */ = {isa = PBXBuildFile; fileRef = E1CDE77D1B66E95E00AB27D2 /* MyriadPro-BoldIt.otf */; };
		E1CDE7A61B66E95E00AB27D2 /* MyriadPro-BoldCondIt.otf in Resources */ = {isa = PBXBuildFile; fileRef = E1CDE77E1B66E95E00AB27D2 /* MyriadPro-BoldCondIt.otf */; };
		E1CDE7A71B66E95E00AB27D2 /* MyriadPro-BoldCond.otf in Resources */ = {isa = PBXBuildFile; fileRef = E1CDE77F1B66E95E00AB27D2 /* MyriadPro-BoldCond.otf */; };
		E1CDE7A81B66E95E00AB27D2 /* MyriadPro-Bold.otf in Resources */ = {isa = PBXBuildFile; fileRef = E1CDE7801B66E95E00AB27D2 /* MyriadPro-Bold.otf */; };
		E1CDE7A91B66E95E00AB27D2 /* MyriadPro-BlackSemiExtIt.otf in Resources */ = {isa = PBXBuildFile; fileRef = E1CDE7811B66E95E00AB27D2 /* MyriadPro-BlackSemiExtIt.otf */; };
		E1CDE7AA1B66E95E00AB27D2 /* MyriadPro-BlackSemiExt.otf in Resources */ = {isa = PBXBuildFile; fileRef = E1CDE7821B66E95E00AB27D2 /* MyriadPro-BlackSemiExt.otf */; };
		E1CDE7AB1B66E95E00AB27D2 /* MyriadPro-BlackSemiCnIt.otf in Resources */ = {isa = PBXBuildFile; fileRef = E1CDE7831B66E95E00AB27D2 /* MyriadPro-BlackSemiCnIt.otf */; };
		E1CDE7AC1B66E95E00AB27D2 /* MyriadPro-BlackSemiCn.otf in Resources */ = {isa = PBXBuildFile; fileRef = E1CDE7841B66E95E00AB27D2 /* MyriadPro-BlackSemiCn.otf */; };
		E1CDE7AD1B66E95E00AB27D2 /* MyriadPro-BlackIt.otf in Resources */ = {isa = PBXBuildFile; fileRef = E1CDE7851B66E95E00AB27D2 /* MyriadPro-BlackIt.otf */; };
		E1CDE7AE1B66E95E00AB27D2 /* MyriadPro-BlackCondIt.otf in Resources */ = {isa = PBXBuildFile; fileRef = E1CDE7861B66E95E00AB27D2 /* MyriadPro-BlackCondIt.otf */; };
		E1CDE7AF1B66E95E00AB27D2 /* MyriadPro-BlackCond.otf in Resources */ = {isa = PBXBuildFile; fileRef = E1CDE7871B66E95E00AB27D2 /* MyriadPro-BlackCond.otf */; };
		E1CDE7B01B66E95E00AB27D2 /* MyriadPro-Black.otf in Resources */ = {isa = PBXBuildFile; fileRef = E1CDE7881B66E95E00AB27D2 /* MyriadPro-Black.otf */; };
		E1D08D161B67DB2400559618 /* CartoGothicStd-Book.otf in Resources */ = {isa = PBXBuildFile; fileRef = E1D08D151B67DB2400559618 /* CartoGothicStd-Book.otf */; };
		E1DCC1FF1BA8DEAC0016B725 /* ReferenceConfigResponse.swift in Sources */ = {isa = PBXBuildFile; fileRef = E1DCC1FE1BA8DEAC0016B725 /* ReferenceConfigResponse.swift */; };
		E1FA66151B853C4800FD18C6 /* FlightMock.swift in Sources */ = {isa = PBXBuildFile; fileRef = E1FA66141B853C4800FD18C6 /* FlightMock.swift */; };
		E1FA66171B85558300FD18C6 /* BackgroundCell.swift in Sources */ = {isa = PBXBuildFile; fileRef = E1FA66161B85558300FD18C6 /* BackgroundCell.swift */; };
		FA32EC081B8836B7001428B5 /* green_bg.jpg in Resources */ = {isa = PBXBuildFile; fileRef = FA32EC051B8836B7001428B5 /* green_bg.jpg */; };
		FA32EC091B8836B7001428B5 /* red_bg.jpg in Resources */ = {isa = PBXBuildFile; fileRef = FA32EC061B8836B7001428B5 /* red_bg.jpg */; };
		FA32EC0A1B8836B7001428B5 /* yellow_bg.jpg in Resources */ = {isa = PBXBuildFile; fileRef = FA32EC071B8836B7001428B5 /* yellow_bg.jpg */; };
		FA32EC0E1B883B44001428B5 /* terminal_bg.jpg in Resources */ = {isa = PBXBuildFile; fileRef = FA32EC0D1B883B44001428B5 /* terminal_bg.jpg */; };
/* End PBXBuildFile section */

/* Begin PBXContainerItemProxy section */
		C2DFE5D81B56D2CB0090B55F /* PBXContainerItemProxy */ = {
			isa = PBXContainerItemProxy;
			containerPortal = C2DFE5BA1B56D2CB0090B55F /* Project object */;
			proxyType = 1;
			remoteGlobalIDString = C2DFE5C11B56D2CB0090B55F;
			remoteInfo = ShortTrips;
		};
/* End PBXContainerItemProxy section */

/* Begin PBXFileReference section */
		6C387AE349CA07C52915EF9A /* Pods-ShortTrips.release.xcconfig */ = {isa = PBXFileReference; includeInIndex = 1; lastKnownFileType = text.xcconfig; name = "Pods-ShortTrips.release.xcconfig"; path = "Pods/Target Support Files/Pods-ShortTrips/Pods-ShortTrips.release.xcconfig"; sourceTree = "<group>"; };
		74CF35C7BCD34379EA4B5AF4 /* Pods-ShortTripsTests.debug.xcconfig */ = {isa = PBXFileReference; includeInIndex = 1; lastKnownFileType = text.xcconfig; name = "Pods-ShortTripsTests.debug.xcconfig"; path = "Pods/Target Support Files/Pods-ShortTripsTests/Pods-ShortTripsTests.debug.xcconfig"; sourceTree = "<group>"; };
		81AB3E7D2C8CBBF8AF294E13 /* Pods_ShortTrips.framework */ = {isa = PBXFileReference; explicitFileType = wrapper.framework; includeInIndex = 0; path = Pods_ShortTrips.framework; sourceTree = BUILT_PRODUCTS_DIR; };
		8C1EEE491F8AB773F5CE16CE /* Pods-ShortTripsTests.release.xcconfig */ = {isa = PBXFileReference; includeInIndex = 1; lastKnownFileType = text.xcconfig; name = "Pods-ShortTripsTests.release.xcconfig"; path = "Pods/Target Support Files/Pods-ShortTripsTests/Pods-ShortTripsTests.release.xcconfig"; sourceTree = "<group>"; };
		9F853EB5ED3B732FCC78F3D1 /* Pods_ShortTripsTests.framework */ = {isa = PBXFileReference; explicitFileType = wrapper.framework; includeInIndex = 0; path = Pods_ShortTripsTests.framework; sourceTree = BUILT_PRODUCTS_DIR; };
		C24486EF1BA89DF200A19A9D /* GeofenceListResponse.swift */ = {isa = PBXFileReference; fileEncoding = 4; lastKnownFileType = sourcecode.swift; path = GeofenceListResponse.swift; sourceTree = "<group>"; };
		C24486F11BA89EA800A19A9D /* AllGeofencesResponse.swift */ = {isa = PBXFileReference; fileEncoding = 4; lastKnownFileType = sourcecode.swift; path = AllGeofencesResponse.swift; sourceTree = "<group>"; };
		C24486F31BA8B5A300A19A9D /* GeofenceResponse.swift */ = {isa = PBXFileReference; fileEncoding = 4; lastKnownFileType = sourcecode.swift; path = GeofenceResponse.swift; sourceTree = "<group>"; };
		C2DA57761BA34451000875D7 /* DashboardVCSpec.swift */ = {isa = PBXFileReference; fileEncoding = 4; lastKnownFileType = sourcecode.swift; path = DashboardVCSpec.swift; sourceTree = "<group>"; };
		C2DFE5C21B56D2CB0090B55F /* ShortTrips.app */ = {isa = PBXFileReference; explicitFileType = wrapper.application; includeInIndex = 0; path = ShortTrips.app; sourceTree = BUILT_PRODUCTS_DIR; };
		C2DFE5C61B56D2CB0090B55F /* Info.plist */ = {isa = PBXFileReference; lastKnownFileType = text.plist.xml; path = Info.plist; sourceTree = "<group>"; };
		C2DFE5C71B56D2CB0090B55F /* AppDelegate.swift */ = {isa = PBXFileReference; lastKnownFileType = sourcecode.swift; path = AppDelegate.swift; sourceTree = "<group>"; };
		C2DFE5C91B56D2CB0090B55F /* DashboardVC.swift */ = {isa = PBXFileReference; lastKnownFileType = sourcecode.swift; path = DashboardVC.swift; sourceTree = "<group>"; };
		C2DFE5CC1B56D2CB0090B55F /* Base */ = {isa = PBXFileReference; lastKnownFileType = file.storyboard; name = Base; path = Base.lproj/Main.storyboard; sourceTree = "<group>"; };
		C2DFE5CE1B56D2CB0090B55F /* Images.xcassets */ = {isa = PBXFileReference; lastKnownFileType = folder.assetcatalog; path = Images.xcassets; sourceTree = "<group>"; };
		C2DFE5D11B56D2CB0090B55F /* Base */ = {isa = PBXFileReference; lastKnownFileType = file.xib; name = Base; path = Base.lproj/LaunchScreen.xib; sourceTree = "<group>"; };
		C2DFE5D71B56D2CB0090B55F /* ShortTripsTests.xctest */ = {isa = PBXFileReference; explicitFileType = wrapper.cfbundle; includeInIndex = 0; path = ShortTripsTests.xctest; sourceTree = BUILT_PRODUCTS_DIR; };
		C2DFE5DC1B56D2CB0090B55F /* Info.plist */ = {isa = PBXFileReference; lastKnownFileType = text.plist.xml; path = Info.plist; sourceTree = "<group>"; };
		C2E62FBE1B86496300E9DC8E /* fr */ = {isa = PBXFileReference; lastKnownFileType = text.plist.strings; name = fr; path = fr.lproj/LaunchScreen.strings; sourceTree = "<group>"; };
		D524E6237781C1A38B7FCDF1 /* Pods-ShortTrips.debug.xcconfig */ = {isa = PBXFileReference; includeInIndex = 1; lastKnownFileType = text.xcconfig; name = "Pods-ShortTrips.debug.xcconfig"; path = "Pods/Target Support Files/Pods-ShortTrips/Pods-ShortTrips.debug.xcconfig"; sourceTree = "<group>"; };
		E108B1741BA7C1DE00481AF1 /* ReferenceConfig.swift */ = {isa = PBXFileReference; fileEncoding = 4; lastKnownFileType = sourcecode.swift; path = ReferenceConfig.swift; sourceTree = "<group>"; };
		E11D60961BA7A40100FD4276 /* Geofence.swift */ = {isa = PBXFileReference; fileEncoding = 4; lastKnownFileType = sourcecode.swift; path = Geofence.swift; sourceTree = "<group>"; };
		E122649F1B795A65002B36CA /* fr */ = {isa = PBXFileReference; lastKnownFileType = text.plist.strings; name = fr; path = fr.lproj/Localizable.strings; sourceTree = "<group>"; };
		E12264A11B795A6F002B36CA /* Base */ = {isa = PBXFileReference; lastKnownFileType = text.plist.strings; name = Base; path = Base.lproj/Localizable.strings; sourceTree = "<group>"; };
		E12B26301B8D1F6700879B17 /* fr */ = {isa = PBXFileReference; lastKnownFileType = text.plist.strings; name = fr; path = fr.lproj/Main.strings; sourceTree = "<group>"; };
		E13F40971B7D39C200A98B99 /* TerminalSummaryVC.swift */ = {isa = PBXFileReference; fileEncoding = 4; lastKnownFileType = sourcecode.swift; path = TerminalSummaryVC.swift; sourceTree = "<group>"; };
		E145E64A1B87A590003D1870 /* UIImage+initWithColor.swift */ = {isa = PBXFileReference; fileEncoding = 4; lastKnownFileType = sourcecode.swift; path = "UIImage+initWithColor.swift"; sourceTree = "<group>"; };
		E14DBDDA1B867A8400819C91 /* UpdateTimer.swift */ = {isa = PBXFileReference; fileEncoding = 4; lastKnownFileType = sourcecode.swift; path = UpdateTimer.swift; sourceTree = "<group>"; };
		E16399D41BA7B99400EDE0AE /* Driver.swift */ = {isa = PBXFileReference; fileEncoding = 4; lastKnownFileType = sourcecode.swift; path = Driver.swift; sourceTree = "<group>"; };
		E1666F981BA8D25600C95F96 /* DriverResponse.swift */ = {isa = PBXFileReference; fileEncoding = 4; lastKnownFileType = sourcecode.swift; path = DriverResponse.swift; sourceTree = "<group>"; };
		E17352841B8CEC9B0031950B /* UiHelpers.swift */ = {isa = PBXFileReference; fileEncoding = 4; lastKnownFileType = sourcecode.swift; path = UiHelpers.swift; sourceTree = "<group>"; };
		E1A2EB9F1B6BEF3900C27EB2 /* FlightStatusVC.swift */ = {isa = PBXFileReference; fileEncoding = 4; lastKnownFileType = sourcecode.swift; path = FlightStatusVC.swift; sourceTree = "<group>"; };
		E1A2EBA11B6C218D00C27EB2 /* FlightCell.swift */ = {isa = PBXFileReference; fileEncoding = 4; lastKnownFileType = sourcecode.swift; path = FlightCell.swift; sourceTree = "<group>"; };
		E1A2EBA81B6D747F00C27EB2 /* Flight.swift */ = {isa = PBXFileReference; fileEncoding = 4; lastKnownFileType = sourcecode.swift; path = Flight.swift; sourceTree = "<group>"; };
		E1A2EBAA1B6D767000C27EB2 /* Airline.swift */ = {isa = PBXFileReference; fileEncoding = 4; lastKnownFileType = sourcecode.swift; path = Airline.swift; sourceTree = "<group>"; };
		E1A2EBAC1B6E8FEF00C27EB2 /* FlightStatus.swift */ = {isa = PBXFileReference; fileEncoding = 4; lastKnownFileType = sourcecode.swift; path = FlightStatus.swift; sourceTree = "<group>"; };
		E1A2EBAE1B6E920500C27EB2 /* TerminalSummary.swift */ = {isa = PBXFileReference; fileEncoding = 4; lastKnownFileType = sourcecode.swift; path = TerminalSummary.swift; sourceTree = "<group>"; };
		E1B8271B1B7CEF4200CC32EF /* SfoInfoRequester.swift */ = {isa = PBXFileReference; fileEncoding = 4; lastKnownFileType = sourcecode.swift; path = SfoInfoRequester.swift; sourceTree = "<group>"; };
		E1B8271D1B7CF14B00CC32EF /* LotStatusResponse.swift */ = {isa = PBXFileReference; fileEncoding = 4; lastKnownFileType = sourcecode.swift; path = LotStatusResponse.swift; sourceTree = "<group>"; };
		E1CDE70E1B66D79800AB27D2 /* UiConstants.swift */ = {isa = PBXFileReference; fileEncoding = 4; lastKnownFileType = sourcecode.swift; path = UiConstants.swift; sourceTree = "<group>"; };
		E1CDE7611B66E95E00AB27D2 /* MyriadPro-SemiExtIt.otf */ = {isa = PBXFileReference; lastKnownFileType = file; path = "MyriadPro-SemiExtIt.otf"; sourceTree = "<group>"; };
		E1CDE7621B66E95E00AB27D2 /* MyriadPro-SemiExt.otf */ = {isa = PBXFileReference; lastKnownFileType = file; path = "MyriadPro-SemiExt.otf"; sourceTree = "<group>"; };
		E1CDE7631B66E95E00AB27D2 /* MyriadPro-SemiCnIt.otf */ = {isa = PBXFileReference; lastKnownFileType = file; path = "MyriadPro-SemiCnIt.otf"; sourceTree = "<group>"; };
		E1CDE7641B66E95E00AB27D2 /* MyriadPro-SemiCn.otf */ = {isa = PBXFileReference; lastKnownFileType = file; path = "MyriadPro-SemiCn.otf"; sourceTree = "<group>"; };
		E1CDE7651B66E95E00AB27D2 /* MyriadPro-SemiboldSemiExtIt.otf */ = {isa = PBXFileReference; lastKnownFileType = file; path = "MyriadPro-SemiboldSemiExtIt.otf"; sourceTree = "<group>"; };
		E1CDE7661B66E95E00AB27D2 /* MyriadPro-SemiboldSemiExt.otf */ = {isa = PBXFileReference; lastKnownFileType = file; path = "MyriadPro-SemiboldSemiExt.otf"; sourceTree = "<group>"; };
		E1CDE7671B66E95E00AB27D2 /* MyriadPro-SemiboldSemiCnIt.otf */ = {isa = PBXFileReference; lastKnownFileType = file; path = "MyriadPro-SemiboldSemiCnIt.otf"; sourceTree = "<group>"; };
		E1CDE7681B66E95E00AB27D2 /* MyriadPro-SemiboldSemiCn.otf */ = {isa = PBXFileReference; lastKnownFileType = file; path = "MyriadPro-SemiboldSemiCn.otf"; sourceTree = "<group>"; };
		E1CDE7691B66E95E00AB27D2 /* MyriadPro-SemiboldIt.otf */ = {isa = PBXFileReference; lastKnownFileType = file; path = "MyriadPro-SemiboldIt.otf"; sourceTree = "<group>"; };
		E1CDE76A1B66E95E00AB27D2 /* MyriadPro-SemiboldCondIt.otf */ = {isa = PBXFileReference; lastKnownFileType = file; path = "MyriadPro-SemiboldCondIt.otf"; sourceTree = "<group>"; };
		E1CDE76B1B66E95E00AB27D2 /* MyriadPro-SemiboldCond.otf */ = {isa = PBXFileReference; lastKnownFileType = file; path = "MyriadPro-SemiboldCond.otf"; sourceTree = "<group>"; };
		E1CDE76C1B66E95E00AB27D2 /* MyriadPro-Semibold.otf */ = {isa = PBXFileReference; lastKnownFileType = file; path = "MyriadPro-Semibold.otf"; sourceTree = "<group>"; };
		E1CDE76D1B66E95E00AB27D2 /* MyriadPro-Regular.otf */ = {isa = PBXFileReference; lastKnownFileType = file; path = "MyriadPro-Regular.otf"; sourceTree = "<group>"; };
		E1CDE76E1B66E95E00AB27D2 /* MyriadPro-LightSemiExtIt.otf */ = {isa = PBXFileReference; lastKnownFileType = file; path = "MyriadPro-LightSemiExtIt.otf"; sourceTree = "<group>"; };
		E1CDE76F1B66E95E00AB27D2 /* MyriadPro-LightSemiExt.otf */ = {isa = PBXFileReference; lastKnownFileType = file; path = "MyriadPro-LightSemiExt.otf"; sourceTree = "<group>"; };
		E1CDE7701B66E95E00AB27D2 /* MyriadPro-LightSemiCnIt.otf */ = {isa = PBXFileReference; lastKnownFileType = file; path = "MyriadPro-LightSemiCnIt.otf"; sourceTree = "<group>"; };
		E1CDE7711B66E95E00AB27D2 /* MyriadPro-LightSemiCn.otf */ = {isa = PBXFileReference; lastKnownFileType = file; path = "MyriadPro-LightSemiCn.otf"; sourceTree = "<group>"; };
		E1CDE7721B66E95E00AB27D2 /* MyriadPro-LightIt.otf */ = {isa = PBXFileReference; lastKnownFileType = file; path = "MyriadPro-LightIt.otf"; sourceTree = "<group>"; };
		E1CDE7731B66E95E00AB27D2 /* MyriadPro-LightCondIt.otf */ = {isa = PBXFileReference; lastKnownFileType = file; path = "MyriadPro-LightCondIt.otf"; sourceTree = "<group>"; };
		E1CDE7741B66E95E00AB27D2 /* MyriadPro-LightCond.otf */ = {isa = PBXFileReference; lastKnownFileType = file; path = "MyriadPro-LightCond.otf"; sourceTree = "<group>"; };
		E1CDE7751B66E95E00AB27D2 /* MyriadPro-Light.otf */ = {isa = PBXFileReference; lastKnownFileType = file; path = "MyriadPro-Light.otf"; sourceTree = "<group>"; };
		E1CDE7761B66E95E00AB27D2 /* MyriadPro-It.otf */ = {isa = PBXFileReference; lastKnownFileType = file; path = "MyriadPro-It.otf"; sourceTree = "<group>"; };
		E1CDE7771B66E95E00AB27D2 /* MyriadPro-CondIt.otf */ = {isa = PBXFileReference; lastKnownFileType = file; path = "MyriadPro-CondIt.otf"; sourceTree = "<group>"; };
		E1CDE7781B66E95E00AB27D2 /* MyriadPro-Cond.otf */ = {isa = PBXFileReference; lastKnownFileType = file; path = "MyriadPro-Cond.otf"; sourceTree = "<group>"; };
		E1CDE7791B66E95E00AB27D2 /* MyriadPro-BoldSemiExtIt.otf */ = {isa = PBXFileReference; lastKnownFileType = file; path = "MyriadPro-BoldSemiExtIt.otf"; sourceTree = "<group>"; };
		E1CDE77A1B66E95E00AB27D2 /* MyriadPro-BoldSemiExt.otf */ = {isa = PBXFileReference; lastKnownFileType = file; path = "MyriadPro-BoldSemiExt.otf"; sourceTree = "<group>"; };
		E1CDE77B1B66E95E00AB27D2 /* MyriadPro-BoldSemiCnIt.otf */ = {isa = PBXFileReference; lastKnownFileType = file; path = "MyriadPro-BoldSemiCnIt.otf"; sourceTree = "<group>"; };
		E1CDE77C1B66E95E00AB27D2 /* MyriadPro-BoldSemiCn.otf */ = {isa = PBXFileReference; lastKnownFileType = file; path = "MyriadPro-BoldSemiCn.otf"; sourceTree = "<group>"; };
		E1CDE77D1B66E95E00AB27D2 /* MyriadPro-BoldIt.otf */ = {isa = PBXFileReference; lastKnownFileType = file; path = "MyriadPro-BoldIt.otf"; sourceTree = "<group>"; };
		E1CDE77E1B66E95E00AB27D2 /* MyriadPro-BoldCondIt.otf */ = {isa = PBXFileReference; lastKnownFileType = file; path = "MyriadPro-BoldCondIt.otf"; sourceTree = "<group>"; };
		E1CDE77F1B66E95E00AB27D2 /* MyriadPro-BoldCond.otf */ = {isa = PBXFileReference; lastKnownFileType = file; path = "MyriadPro-BoldCond.otf"; sourceTree = "<group>"; };
		E1CDE7801B66E95E00AB27D2 /* MyriadPro-Bold.otf */ = {isa = PBXFileReference; lastKnownFileType = file; path = "MyriadPro-Bold.otf"; sourceTree = "<group>"; };
		E1CDE7811B66E95E00AB27D2 /* MyriadPro-BlackSemiExtIt.otf */ = {isa = PBXFileReference; lastKnownFileType = file; path = "MyriadPro-BlackSemiExtIt.otf"; sourceTree = "<group>"; };
		E1CDE7821B66E95E00AB27D2 /* MyriadPro-BlackSemiExt.otf */ = {isa = PBXFileReference; lastKnownFileType = file; path = "MyriadPro-BlackSemiExt.otf"; sourceTree = "<group>"; };
		E1CDE7831B66E95E00AB27D2 /* MyriadPro-BlackSemiCnIt.otf */ = {isa = PBXFileReference; lastKnownFileType = file; path = "MyriadPro-BlackSemiCnIt.otf"; sourceTree = "<group>"; };
		E1CDE7841B66E95E00AB27D2 /* MyriadPro-BlackSemiCn.otf */ = {isa = PBXFileReference; lastKnownFileType = file; path = "MyriadPro-BlackSemiCn.otf"; sourceTree = "<group>"; };
		E1CDE7851B66E95E00AB27D2 /* MyriadPro-BlackIt.otf */ = {isa = PBXFileReference; lastKnownFileType = file; path = "MyriadPro-BlackIt.otf"; sourceTree = "<group>"; };
		E1CDE7861B66E95E00AB27D2 /* MyriadPro-BlackCondIt.otf */ = {isa = PBXFileReference; lastKnownFileType = file; path = "MyriadPro-BlackCondIt.otf"; sourceTree = "<group>"; };
		E1CDE7871B66E95E00AB27D2 /* MyriadPro-BlackCond.otf */ = {isa = PBXFileReference; lastKnownFileType = file; path = "MyriadPro-BlackCond.otf"; sourceTree = "<group>"; };
		E1CDE7881B66E95E00AB27D2 /* MyriadPro-Black.otf */ = {isa = PBXFileReference; lastKnownFileType = file; path = "MyriadPro-Black.otf"; sourceTree = "<group>"; };
		E1D08D151B67DB2400559618 /* CartoGothicStd-Book.otf */ = {isa = PBXFileReference; lastKnownFileType = file; path = "CartoGothicStd-Book.otf"; sourceTree = "<group>"; };
		E1DCC1FE1BA8DEAC0016B725 /* ReferenceConfigResponse.swift */ = {isa = PBXFileReference; fileEncoding = 4; lastKnownFileType = sourcecode.swift; path = ReferenceConfigResponse.swift; sourceTree = "<group>"; };
		E1FA66141B853C4800FD18C6 /* FlightMock.swift */ = {isa = PBXFileReference; fileEncoding = 4; lastKnownFileType = sourcecode.swift; path = FlightMock.swift; sourceTree = "<group>"; };
		E1FA66161B85558300FD18C6 /* BackgroundCell.swift */ = {isa = PBXFileReference; fileEncoding = 4; lastKnownFileType = sourcecode.swift; path = BackgroundCell.swift; sourceTree = "<group>"; };
		FA32EC051B8836B7001428B5 /* green_bg.jpg */ = {isa = PBXFileReference; lastKnownFileType = image.jpeg; path = green_bg.jpg; sourceTree = "<group>"; };
		FA32EC061B8836B7001428B5 /* red_bg.jpg */ = {isa = PBXFileReference; lastKnownFileType = image.jpeg; path = red_bg.jpg; sourceTree = "<group>"; };
		FA32EC071B8836B7001428B5 /* yellow_bg.jpg */ = {isa = PBXFileReference; lastKnownFileType = image.jpeg; path = yellow_bg.jpg; sourceTree = "<group>"; };
		FA32EC0D1B883B44001428B5 /* terminal_bg.jpg */ = {isa = PBXFileReference; lastKnownFileType = image.jpeg; path = terminal_bg.jpg; sourceTree = "<group>"; };
		FA32EC0F1B885B92001428B5 /* ShortTrips.entitlements */ = {isa = PBXFileReference; lastKnownFileType = text.xml; path = ShortTrips.entitlements; sourceTree = "<group>"; };
/* End PBXFileReference section */

/* Begin PBXFrameworksBuildPhase section */
		C2DFE5BF1B56D2CB0090B55F /* Frameworks */ = {
			isa = PBXFrameworksBuildPhase;
			buildActionMask = 2147483647;
			files = (
				01937E5EB89C54E6045C76F1 /* Pods_ShortTrips.framework in Frameworks */,
			);
			runOnlyForDeploymentPostprocessing = 0;
		};
		C2DFE5D41B56D2CB0090B55F /* Frameworks */ = {
			isa = PBXFrameworksBuildPhase;
			buildActionMask = 2147483647;
			files = (
				5062C2B0F9B113B3BD8778A1 /* Pods_ShortTripsTests.framework in Frameworks */,
			);
			runOnlyForDeploymentPostprocessing = 0;
		};
/* End PBXFrameworksBuildPhase section */

/* Begin PBXGroup section */
		464865FE06C5FC3D8CC382BA /* Frameworks */ = {
			isa = PBXGroup;
			children = (
				81AB3E7D2C8CBBF8AF294E13 /* Pods_ShortTrips.framework */,
				9F853EB5ED3B732FCC78F3D1 /* Pods_ShortTripsTests.framework */,
			);
			name = Frameworks;
			sourceTree = "<group>";
		};
		B0E9217BCF45743D8A59FDCA /* Pods */ = {
			isa = PBXGroup;
			children = (
				D524E6237781C1A38B7FCDF1 /* Pods-ShortTrips.debug.xcconfig */,
				6C387AE349CA07C52915EF9A /* Pods-ShortTrips.release.xcconfig */,
				74CF35C7BCD34379EA4B5AF4 /* Pods-ShortTripsTests.debug.xcconfig */,
				8C1EEE491F8AB773F5CE16CE /* Pods-ShortTripsTests.release.xcconfig */,
			);
			name = Pods;
			sourceTree = "<group>";
		};
		C24486EE1BA89DD100A19A9D /* Geofence */ = {
			isa = PBXGroup;
			children = (
				E11D60961BA7A40100FD4276 /* Geofence.swift */,
				C24486EF1BA89DF200A19A9D /* GeofenceListResponse.swift */,
				C24486F11BA89EA800A19A9D /* AllGeofencesResponse.swift */,
				C24486F31BA8B5A300A19A9D /* GeofenceResponse.swift */,
			);
			name = Geofence;
			sourceTree = "<group>";
		};
		C2DFE5B91B56D2CB0090B55F = {
			isa = PBXGroup;
			children = (
				C2DFE5C41B56D2CB0090B55F /* ShortTrips */,
				C2DFE5DA1B56D2CB0090B55F /* ShortTripsTests */,
				C2DFE5C31B56D2CB0090B55F /* Products */,
				B0E9217BCF45743D8A59FDCA /* Pods */,
				464865FE06C5FC3D8CC382BA /* Frameworks */,
			);
			sourceTree = "<group>";
		};
		C2DFE5C31B56D2CB0090B55F /* Products */ = {
			isa = PBXGroup;
			children = (
				C2DFE5C21B56D2CB0090B55F /* ShortTrips.app */,
				C2DFE5D71B56D2CB0090B55F /* ShortTripsTests.xctest */,
			);
			name = Products;
			sourceTree = "<group>";
		};
		C2DFE5C41B56D2CB0090B55F /* ShortTrips */ = {
			isa = PBXGroup;
			children = (
				FA32EC0F1B885B92001428B5 /* ShortTrips.entitlements */,
				C2DFE5C71B56D2CB0090B55F /* AppDelegate.swift */,
				FA32EC031B88362F001428B5 /* Resources */,
				E1A2EBA31B6C2AA400C27EB2 /* Controllers */,
				E1A2EBA41B6C2B3600C27EB2 /* Models */,
				E1A2EBA51B6C2BC600C27EB2 /* Views */,
				C2DFE5C51B56D2CB0090B55F /* Supporting Files */,
			);
			path = ShortTrips;
			sourceTree = "<group>";
		};
		C2DFE5C51B56D2CB0090B55F /* Supporting Files */ = {
			isa = PBXGroup;
			children = (
				C2DFE5C61B56D2CB0090B55F /* Info.plist */,
			);
			name = "Supporting Files";
			sourceTree = "<group>";
		};
		C2DFE5DA1B56D2CB0090B55F /* ShortTripsTests */ = {
			isa = PBXGroup;
			children = (
				C2DA57761BA34451000875D7 /* DashboardVCSpec.swift */,
				C2DFE5DB1B56D2CB0090B55F /* Supporting Files */,
			);
			path = ShortTripsTests;
			sourceTree = "<group>";
		};
		C2DFE5DB1B56D2CB0090B55F /* Supporting Files */ = {
			isa = PBXGroup;
			children = (
				C2DFE5DC1B56D2CB0090B55F /* Info.plist */,
			);
			name = "Supporting Files";
			sourceTree = "<group>";
		};
		E1A2EBA31B6C2AA400C27EB2 /* Controllers */ = {
			isa = PBXGroup;
			children = (
				E1A2EB9F1B6BEF3900C27EB2 /* FlightStatusVC.swift */,
				E13F40971B7D39C200A98B99 /* TerminalSummaryVC.swift */,
				C2DFE5C91B56D2CB0090B55F /* DashboardVC.swift */,
				E1B8271B1B7CEF4200CC32EF /* SfoInfoRequester.swift */,
				E14DBDDA1B867A8400819C91 /* UpdateTimer.swift */,
			);
			name = Controllers;
			sourceTree = "<group>";
		};
		E1A2EBA41B6C2B3600C27EB2 /* Models */ = {
			isa = PBXGroup;
			children = (
				C24486EE1BA89DD100A19A9D /* Geofence */,
				E1A2EBAA1B6D767000C27EB2 /* Airline.swift */,
				E16399D41BA7B99400EDE0AE /* Driver.swift */,
				E1666F981BA8D25600C95F96 /* DriverResponse.swift */,
				E1A2EBA81B6D747F00C27EB2 /* Flight.swift */,
				E1FA66141B853C4800FD18C6 /* FlightMock.swift */,
				E1A2EBAC1B6E8FEF00C27EB2 /* FlightStatus.swift */,
				E108B1741BA7C1DE00481AF1 /* ReferenceConfig.swift */,
				E1DCC1FE1BA8DEAC0016B725 /* ReferenceConfigResponse.swift */,
				E1A2EBAE1B6E920500C27EB2 /* TerminalSummary.swift */,
				E1B8271D1B7CF14B00CC32EF /* LotStatusResponse.swift */,
			);
			name = Models;
			sourceTree = "<group>";
		};
		E1A2EBA51B6C2BC600C27EB2 /* Views */ = {
			isa = PBXGroup;
			children = (
				C2DFE5D01B56D2CB0090B55F /* LaunchScreen.xib */,
				E1FA66161B85558300FD18C6 /* BackgroundCell.swift */,
				E1A2EBA11B6C218D00C27EB2 /* FlightCell.swift */,
				C2DFE5CB1B56D2CB0090B55F /* Main.storyboard */,
				E1CDE70E1B66D79800AB27D2 /* UiConstants.swift */,
				E145E64A1B87A590003D1870 /* UIImage+initWithColor.swift */,
				E17352841B8CEC9B0031950B /* UiHelpers.swift */,
			);
			name = Views;
			sourceTree = "<group>";
		};
		E1CDE7101B66DF0600AB27D2 /* Fonts */ = {
			isa = PBXGroup;
			children = (
				E1D08D151B67DB2400559618 /* CartoGothicStd-Book.otf */,
				E1CDE7611B66E95E00AB27D2 /* MyriadPro-SemiExtIt.otf */,
				E1CDE7621B66E95E00AB27D2 /* MyriadPro-SemiExt.otf */,
				E1CDE7631B66E95E00AB27D2 /* MyriadPro-SemiCnIt.otf */,
				E1CDE7641B66E95E00AB27D2 /* MyriadPro-SemiCn.otf */,
				E1CDE7651B66E95E00AB27D2 /* MyriadPro-SemiboldSemiExtIt.otf */,
				E1CDE7661B66E95E00AB27D2 /* MyriadPro-SemiboldSemiExt.otf */,
				E1CDE7671B66E95E00AB27D2 /* MyriadPro-SemiboldSemiCnIt.otf */,
				E1CDE7681B66E95E00AB27D2 /* MyriadPro-SemiboldSemiCn.otf */,
				E1CDE7691B66E95E00AB27D2 /* MyriadPro-SemiboldIt.otf */,
				E1CDE76A1B66E95E00AB27D2 /* MyriadPro-SemiboldCondIt.otf */,
				E1CDE76B1B66E95E00AB27D2 /* MyriadPro-SemiboldCond.otf */,
				E1CDE76C1B66E95E00AB27D2 /* MyriadPro-Semibold.otf */,
				E1CDE76D1B66E95E00AB27D2 /* MyriadPro-Regular.otf */,
				E1CDE76E1B66E95E00AB27D2 /* MyriadPro-LightSemiExtIt.otf */,
				E1CDE76F1B66E95E00AB27D2 /* MyriadPro-LightSemiExt.otf */,
				E1CDE7701B66E95E00AB27D2 /* MyriadPro-LightSemiCnIt.otf */,
				E1CDE7711B66E95E00AB27D2 /* MyriadPro-LightSemiCn.otf */,
				E1CDE7721B66E95E00AB27D2 /* MyriadPro-LightIt.otf */,
				E1CDE7731B66E95E00AB27D2 /* MyriadPro-LightCondIt.otf */,
				E1CDE7741B66E95E00AB27D2 /* MyriadPro-LightCond.otf */,
				E1CDE7751B66E95E00AB27D2 /* MyriadPro-Light.otf */,
				E1CDE7761B66E95E00AB27D2 /* MyriadPro-It.otf */,
				E1CDE7771B66E95E00AB27D2 /* MyriadPro-CondIt.otf */,
				E1CDE7781B66E95E00AB27D2 /* MyriadPro-Cond.otf */,
				E1CDE7791B66E95E00AB27D2 /* MyriadPro-BoldSemiExtIt.otf */,
				E1CDE77A1B66E95E00AB27D2 /* MyriadPro-BoldSemiExt.otf */,
				E1CDE77B1B66E95E00AB27D2 /* MyriadPro-BoldSemiCnIt.otf */,
				E1CDE77C1B66E95E00AB27D2 /* MyriadPro-BoldSemiCn.otf */,
				E1CDE77D1B66E95E00AB27D2 /* MyriadPro-BoldIt.otf */,
				E1CDE77E1B66E95E00AB27D2 /* MyriadPro-BoldCondIt.otf */,
				E1CDE77F1B66E95E00AB27D2 /* MyriadPro-BoldCond.otf */,
				E1CDE7801B66E95E00AB27D2 /* MyriadPro-Bold.otf */,
				E1CDE7811B66E95E00AB27D2 /* MyriadPro-BlackSemiExtIt.otf */,
				E1CDE7821B66E95E00AB27D2 /* MyriadPro-BlackSemiExt.otf */,
				E1CDE7831B66E95E00AB27D2 /* MyriadPro-BlackSemiCnIt.otf */,
				E1CDE7841B66E95E00AB27D2 /* MyriadPro-BlackSemiCn.otf */,
				E1CDE7851B66E95E00AB27D2 /* MyriadPro-BlackIt.otf */,
				E1CDE7861B66E95E00AB27D2 /* MyriadPro-BlackCondIt.otf */,
				E1CDE7871B66E95E00AB27D2 /* MyriadPro-BlackCond.otf */,
				E1CDE7881B66E95E00AB27D2 /* MyriadPro-Black.otf */,
			);
			name = Fonts;
			sourceTree = "<group>";
		};
		FA32EC031B88362F001428B5 /* Resources */ = {
			isa = PBXGroup;
			children = (
				FA32EC041B8836A5001428B5 /* JPEG */,
				E12264A01B795A65002B36CA /* Localizable.strings */,
				C2DFE5CE1B56D2CB0090B55F /* Images.xcassets */,
				E1CDE7101B66DF0600AB27D2 /* Fonts */,
			);
			name = Resources;
			sourceTree = "<group>";
		};
		FA32EC041B8836A5001428B5 /* JPEG */ = {
			isa = PBXGroup;
			children = (
				FA32EC0D1B883B44001428B5 /* terminal_bg.jpg */,
				FA32EC051B8836B7001428B5 /* green_bg.jpg */,
				FA32EC061B8836B7001428B5 /* red_bg.jpg */,
				FA32EC071B8836B7001428B5 /* yellow_bg.jpg */,
			);
			name = JPEG;
			sourceTree = "<group>";
		};
/* End PBXGroup section */

/* Begin PBXNativeTarget section */
		C2DFE5C11B56D2CB0090B55F /* ShortTrips */ = {
			isa = PBXNativeTarget;
			buildConfigurationList = C2DFE5E11B56D2CB0090B55F /* Build configuration list for PBXNativeTarget "ShortTrips" */;
			buildPhases = (
				80F941BF7BEFAC89FAA6ED51 /* Check Pods Manifest.lock */,
				C2DFE5BE1B56D2CB0090B55F /* Sources */,
				C2DFE5BF1B56D2CB0090B55F /* Frameworks */,
				C2DFE5C01B56D2CB0090B55F /* Resources */,
				22232676475BDF9F82A544E6 /* Embed Pods Frameworks */,
				58BBDC3FAB35F59C25E8B615 /* Copy Pods Resources */,
			);
			buildRules = (
			);
			dependencies = (
			);
			name = ShortTrips;
			productName = ShortTrips;
			productReference = C2DFE5C21B56D2CB0090B55F /* ShortTrips.app */;
			productType = "com.apple.product-type.application";
		};
		C2DFE5D61B56D2CB0090B55F /* ShortTripsTests */ = {
			isa = PBXNativeTarget;
			buildConfigurationList = C2DFE5E41B56D2CB0090B55F /* Build configuration list for PBXNativeTarget "ShortTripsTests" */;
			buildPhases = (
				27C305F25B4DA8342C1EBDCE /* Check Pods Manifest.lock */,
				C2DFE5D31B56D2CB0090B55F /* Sources */,
				C2DFE5D41B56D2CB0090B55F /* Frameworks */,
				C2DFE5D51B56D2CB0090B55F /* Resources */,
				AD6A38E3BBB38FD92B31777A /* Embed Pods Frameworks */,
				2A54D30F883C670AE2AFD189 /* Copy Pods Resources */,
			);
			buildRules = (
			);
			dependencies = (
				C2DFE5D91B56D2CB0090B55F /* PBXTargetDependency */,
			);
			name = ShortTripsTests;
			productName = ShortTripsTests;
			productReference = C2DFE5D71B56D2CB0090B55F /* ShortTripsTests.xctest */;
			productType = "com.apple.product-type.bundle.unit-test";
		};
/* End PBXNativeTarget section */

/* Begin PBXProject section */
		C2DFE5BA1B56D2CB0090B55F /* Project object */ = {
			isa = PBXProject;
			attributes = {
				LastUpgradeCheck = 0640;
				ORGANIZATIONNAME = SFO;
				TargetAttributes = {
					C2DFE5C11B56D2CB0090B55F = {
						CreatedOnToolsVersion = 6.4;
						DevelopmentTeam = HLT4EP89K7;
						SystemCapabilities = {
							com.apple.SafariKeychain = {
								enabled = 0;
							};
						};
					};
					C2DFE5D61B56D2CB0090B55F = {
						CreatedOnToolsVersion = 6.4;
						TestTargetID = C2DFE5C11B56D2CB0090B55F;
					};
				};
			};
			buildConfigurationList = C2DFE5BD1B56D2CB0090B55F /* Build configuration list for PBXProject "ShortTrips" */;
			compatibilityVersion = "Xcode 3.2";
			developmentRegion = English;
			hasScannedForEncodings = 0;
			knownRegions = (
				en,
				Base,
				fr,
			);
			mainGroup = C2DFE5B91B56D2CB0090B55F;
			productRefGroup = C2DFE5C31B56D2CB0090B55F /* Products */;
			projectDirPath = "";
			projectRoot = "";
			targets = (
				C2DFE5C11B56D2CB0090B55F /* ShortTrips */,
				C2DFE5D61B56D2CB0090B55F /* ShortTripsTests */,
			);
		};
/* End PBXProject section */

/* Begin PBXResourcesBuildPhase section */
		C2DFE5C01B56D2CB0090B55F /* Resources */ = {
			isa = PBXResourcesBuildPhase;
			buildActionMask = 2147483647;
			files = (
				E1CDE7A31B66E95E00AB27D2 /* MyriadPro-BoldSemiCnIt.otf in Resources */,
				E1CDE78A1B66E95E00AB27D2 /* MyriadPro-SemiExt.otf in Resources */,
				E1CDE7A81B66E95E00AB27D2 /* MyriadPro-Bold.otf in Resources */,
				E1CDE7AA1B66E95E00AB27D2 /* MyriadPro-BlackSemiExt.otf in Resources */,
				FA32EC081B8836B7001428B5 /* green_bg.jpg in Resources */,
				E1CDE7A61B66E95E00AB27D2 /* MyriadPro-BoldCondIt.otf in Resources */,
				E1CDE7A91B66E95E00AB27D2 /* MyriadPro-BlackSemiExtIt.otf in Resources */,
				E1CDE7B01B66E95E00AB27D2 /* MyriadPro-Black.otf in Resources */,
				E1CDE78C1B66E95E00AB27D2 /* MyriadPro-SemiCn.otf in Resources */,
				E1CDE7981B66E95E00AB27D2 /* MyriadPro-LightSemiCnIt.otf in Resources */,
				E1CDE7951B66E95E00AB27D2 /* MyriadPro-Regular.otf in Resources */,
				E1CDE78F1B66E95E00AB27D2 /* MyriadPro-SemiboldSemiCnIt.otf in Resources */,
				C2DFE5CD1B56D2CB0090B55F /* Main.storyboard in Resources */,
				E1CDE7961B66E95E00AB27D2 /* MyriadPro-LightSemiExtIt.otf in Resources */,
				E1CDE7AC1B66E95E00AB27D2 /* MyriadPro-BlackSemiCn.otf in Resources */,
				E1CDE7A11B66E95E00AB27D2 /* MyriadPro-BoldSemiExtIt.otf in Resources */,
				E1CDE7921B66E95E00AB27D2 /* MyriadPro-SemiboldCondIt.otf in Resources */,
				E1D08D161B67DB2400559618 /* CartoGothicStd-Book.otf in Resources */,
				E1CDE79F1B66E95E00AB27D2 /* MyriadPro-CondIt.otf in Resources */,
				E1CDE7A41B66E95E00AB27D2 /* MyriadPro-BoldSemiCn.otf in Resources */,
				C2DFE5D21B56D2CB0090B55F /* LaunchScreen.xib in Resources */,
				E1CDE7A51B66E95E00AB27D2 /* MyriadPro-BoldIt.otf in Resources */,
				E1CDE7931B66E95E00AB27D2 /* MyriadPro-SemiboldCond.otf in Resources */,
				E1CDE79A1B66E95E00AB27D2 /* MyriadPro-LightIt.otf in Resources */,
				E1CDE79B1B66E95E00AB27D2 /* MyriadPro-LightCondIt.otf in Resources */,
				E1CDE7941B66E95E00AB27D2 /* MyriadPro-Semibold.otf in Resources */,
				E1CDE7A21B66E95E00AB27D2 /* MyriadPro-BoldSemiExt.otf in Resources */,
				E1CDE7AB1B66E95E00AB27D2 /* MyriadPro-BlackSemiCnIt.otf in Resources */,
				FA32EC0E1B883B44001428B5 /* terminal_bg.jpg in Resources */,
				E1CDE7991B66E95E00AB27D2 /* MyriadPro-LightSemiCn.otf in Resources */,
				E1CDE7AD1B66E95E00AB27D2 /* MyriadPro-BlackIt.otf in Resources */,
				E1CDE79D1B66E95E00AB27D2 /* MyriadPro-Light.otf in Resources */,
				E1CDE7971B66E95E00AB27D2 /* MyriadPro-LightSemiExt.otf in Resources */,
				FA32EC0A1B8836B7001428B5 /* yellow_bg.jpg in Resources */,
				E1CDE78E1B66E95E00AB27D2 /* MyriadPro-SemiboldSemiExt.otf in Resources */,
				E1CDE7A71B66E95E00AB27D2 /* MyriadPro-BoldCond.otf in Resources */,
				E1CDE78B1B66E95E00AB27D2 /* MyriadPro-SemiCnIt.otf in Resources */,
				E1CDE7AE1B66E95E00AB27D2 /* MyriadPro-BlackCondIt.otf in Resources */,
				FA32EC091B8836B7001428B5 /* red_bg.jpg in Resources */,
				E1CDE79C1B66E95E00AB27D2 /* MyriadPro-LightCond.otf in Resources */,
				E1CDE7A01B66E95E00AB27D2 /* MyriadPro-Cond.otf in Resources */,
				E1CDE79E1B66E95E00AB27D2 /* MyriadPro-It.otf in Resources */,
				E1CDE78D1B66E95E00AB27D2 /* MyriadPro-SemiboldSemiExtIt.otf in Resources */,
				E1CDE7891B66E95E00AB27D2 /* MyriadPro-SemiExtIt.otf in Resources */,
				E122649E1B795A65002B36CA /* Localizable.strings in Resources */,
				C2DFE5CF1B56D2CB0090B55F /* Images.xcassets in Resources */,
				E1CDE7AF1B66E95E00AB27D2 /* MyriadPro-BlackCond.otf in Resources */,
				E1CDE7901B66E95E00AB27D2 /* MyriadPro-SemiboldSemiCn.otf in Resources */,
				E1CDE7911B66E95E00AB27D2 /* MyriadPro-SemiboldIt.otf in Resources */,
			);
			runOnlyForDeploymentPostprocessing = 0;
		};
		C2DFE5D51B56D2CB0090B55F /* Resources */ = {
			isa = PBXResourcesBuildPhase;
			buildActionMask = 2147483647;
			files = (
				C2DA57781BA34992000875D7 /* Main.storyboard in Resources */,
			);
			runOnlyForDeploymentPostprocessing = 0;
		};
/* End PBXResourcesBuildPhase section */

/* Begin PBXShellScriptBuildPhase section */
		22232676475BDF9F82A544E6 /* Embed Pods Frameworks */ = {
			isa = PBXShellScriptBuildPhase;
			buildActionMask = 2147483647;
			files = (
			);
			inputPaths = (
			);
			name = "Embed Pods Frameworks";
			outputPaths = (
			);
			runOnlyForDeploymentPostprocessing = 0;
			shellPath = /bin/sh;
			shellScript = "\"${SRCROOT}/Pods/Target Support Files/Pods-ShortTrips/Pods-ShortTrips-frameworks.sh\"\n";
			showEnvVarsInLog = 0;
		};
		27C305F25B4DA8342C1EBDCE /* Check Pods Manifest.lock */ = {
			isa = PBXShellScriptBuildPhase;
			buildActionMask = 2147483647;
			files = (
			);
			inputPaths = (
			);
			name = "Check Pods Manifest.lock";
			outputPaths = (
			);
			runOnlyForDeploymentPostprocessing = 0;
			shellPath = /bin/sh;
			shellScript = "diff \"${PODS_ROOT}/../Podfile.lock\" \"${PODS_ROOT}/Manifest.lock\" > /dev/null\nif [[ $? != 0 ]] ; then\n    cat << EOM\nerror: The sandbox is not in sync with the Podfile.lock. Run 'pod install' or update your CocoaPods installation.\nEOM\n    exit 1\nfi\n";
			showEnvVarsInLog = 0;
		};
		2A54D30F883C670AE2AFD189 /* Copy Pods Resources */ = {
			isa = PBXShellScriptBuildPhase;
			buildActionMask = 2147483647;
			files = (
			);
			inputPaths = (
			);
			name = "Copy Pods Resources";
			outputPaths = (
			);
			runOnlyForDeploymentPostprocessing = 0;
			shellPath = /bin/sh;
			shellScript = "\"${SRCROOT}/Pods/Target Support Files/Pods-ShortTripsTests/Pods-ShortTripsTests-resources.sh\"\n";
			showEnvVarsInLog = 0;
		};
		58BBDC3FAB35F59C25E8B615 /* Copy Pods Resources */ = {
			isa = PBXShellScriptBuildPhase;
			buildActionMask = 2147483647;
			files = (
			);
			inputPaths = (
			);
			name = "Copy Pods Resources";
			outputPaths = (
			);
			runOnlyForDeploymentPostprocessing = 0;
			shellPath = /bin/sh;
			shellScript = "\"${SRCROOT}/Pods/Target Support Files/Pods-ShortTrips/Pods-ShortTrips-resources.sh\"\n";
			showEnvVarsInLog = 0;
		};
		80F941BF7BEFAC89FAA6ED51 /* Check Pods Manifest.lock */ = {
			isa = PBXShellScriptBuildPhase;
			buildActionMask = 2147483647;
			files = (
			);
			inputPaths = (
			);
			name = "Check Pods Manifest.lock";
			outputPaths = (
			);
			runOnlyForDeploymentPostprocessing = 0;
			shellPath = /bin/sh;
			shellScript = "diff \"${PODS_ROOT}/../Podfile.lock\" \"${PODS_ROOT}/Manifest.lock\" > /dev/null\nif [[ $? != 0 ]] ; then\n    cat << EOM\nerror: The sandbox is not in sync with the Podfile.lock. Run 'pod install' or update your CocoaPods installation.\nEOM\n    exit 1\nfi\n";
			showEnvVarsInLog = 0;
		};
		AD6A38E3BBB38FD92B31777A /* Embed Pods Frameworks */ = {
			isa = PBXShellScriptBuildPhase;
			buildActionMask = 2147483647;
			files = (
			);
			inputPaths = (
			);
			name = "Embed Pods Frameworks";
			outputPaths = (
			);
			runOnlyForDeploymentPostprocessing = 0;
			shellPath = /bin/sh;
			shellScript = "\"${SRCROOT}/Pods/Target Support Files/Pods-ShortTripsTests/Pods-ShortTripsTests-frameworks.sh\"\n";
			showEnvVarsInLog = 0;
		};
/* End PBXShellScriptBuildPhase section */

/* Begin PBXSourcesBuildPhase section */
		C2DFE5BE1B56D2CB0090B55F /* Sources */ = {
			isa = PBXSourcesBuildPhase;
			buildActionMask = 2147483647;
			files = (
				E14DBDDB1B867A8400819C91 /* UpdateTimer.swift in Sources */,
				E1CDE70F1B66D79800AB27D2 /* UiConstants.swift in Sources */,
				E17352851B8CEC9B0031950B /* UiHelpers.swift in Sources */,
				E1A2EBAF1B6E920500C27EB2 /* TerminalSummary.swift in Sources */,
				E1B8271E1B7CF14B00CC32EF /* LotStatusResponse.swift in Sources */,
				E13F40981B7D39C200A98B99 /* TerminalSummaryVC.swift in Sources */,
				C24486F41BA8B5A300A19A9D /* GeofenceResponse.swift in Sources */,
				E1B8271C1B7CEF4200CC32EF /* SfoInfoRequester.swift in Sources */,
				E108B1751BA7C1DE00481AF1 /* ReferenceConfig.swift in Sources */,
				C2DFE5CA1B56D2CB0090B55F /* DashboardVC.swift in Sources */,
				E145E64B1B87A590003D1870 /* UIImage+initWithColor.swift in Sources */,
				E11D60971BA7A40100FD4276 /* Geofence.swift in Sources */,
				E1FA66151B853C4800FD18C6 /* FlightMock.swift in Sources */,
				C2DFE5C81B56D2CB0090B55F /* AppDelegate.swift in Sources */,
				C24486F21BA89EA800A19A9D /* AllGeofencesResponse.swift in Sources */,
				C24486F01BA89DF200A19A9D /* GeofenceListResponse.swift in Sources */,
				E1A2EBAB1B6D767000C27EB2 /* Airline.swift in Sources */,
				E1A2EBA01B6BEF3900C27EB2 /* FlightStatusVC.swift in Sources */,
				E1FA66171B85558300FD18C6 /* BackgroundCell.swift in Sources */,
				E1A2EBAD1B6E8FEF00C27EB2 /* FlightStatus.swift in Sources */,
				E1DCC1FF1BA8DEAC0016B725 /* ReferenceConfigResponse.swift in Sources */,
				E1666F991BA8D25600C95F96 /* DriverResponse.swift in Sources */,
				E16399D51BA7B99400EDE0AE /* Driver.swift in Sources */,
				E1A2EBA21B6C218D00C27EB2 /* FlightCell.swift in Sources */,
				E1A2EBA91B6D747F00C27EB2 /* Flight.swift in Sources */,
			);
			runOnlyForDeploymentPostprocessing = 0;
		};
		C2DFE5D31B56D2CB0090B55F /* Sources */ = {
			isa = PBXSourcesBuildPhase;
			buildActionMask = 2147483647;
			files = (
				C2DA57771BA34451000875D7 /* DashboardVCSpec.swift in Sources */,
			);
			runOnlyForDeploymentPostprocessing = 0;
		};
/* End PBXSourcesBuildPhase section */

/* Begin PBXTargetDependency section */
		C2DFE5D91B56D2CB0090B55F /* PBXTargetDependency */ = {
			isa = PBXTargetDependency;
			target = C2DFE5C11B56D2CB0090B55F /* ShortTrips */;
			targetProxy = C2DFE5D81B56D2CB0090B55F /* PBXContainerItemProxy */;
		};
/* End PBXTargetDependency section */

/* Begin PBXVariantGroup section */
		C2DFE5CB1B56D2CB0090B55F /* Main.storyboard */ = {
			isa = PBXVariantGroup;
			children = (
				C2DFE5CC1B56D2CB0090B55F /* Base */,
				E12B26301B8D1F6700879B17 /* fr */,
			);
			name = Main.storyboard;
			sourceTree = "<group>";
		};
		C2DFE5D01B56D2CB0090B55F /* LaunchScreen.xib */ = {
			isa = PBXVariantGroup;
			children = (
				C2DFE5D11B56D2CB0090B55F /* Base */,
				C2E62FBE1B86496300E9DC8E /* fr */,
			);
			name = LaunchScreen.xib;
			sourceTree = "<group>";
		};
		E12264A01B795A65002B36CA /* Localizable.strings */ = {
			isa = PBXVariantGroup;
			children = (
				E122649F1B795A65002B36CA /* fr */,
				E12264A11B795A6F002B36CA /* Base */,
			);
			name = Localizable.strings;
			sourceTree = "<group>";
		};
/* End PBXVariantGroup section */

/* Begin XCBuildConfiguration section */
		C2DFE5DF1B56D2CB0090B55F /* Debug */ = {
			isa = XCBuildConfiguration;
			buildSettings = {
				ALWAYS_SEARCH_USER_PATHS = NO;
				CLANG_CXX_LANGUAGE_STANDARD = "gnu++0x";
				CLANG_CXX_LIBRARY = "libc++";
				CLANG_ENABLE_MODULES = YES;
				CLANG_ENABLE_OBJC_ARC = YES;
				CLANG_WARN_BOOL_CONVERSION = YES;
				CLANG_WARN_CONSTANT_CONVERSION = YES;
				CLANG_WARN_DIRECT_OBJC_ISA_USAGE = YES_ERROR;
				CLANG_WARN_EMPTY_BODY = YES;
				CLANG_WARN_ENUM_CONVERSION = YES;
				CLANG_WARN_INT_CONVERSION = YES;
				CLANG_WARN_OBJC_ROOT_CLASS = YES_ERROR;
				CLANG_WARN_UNREACHABLE_CODE = YES;
				CLANG_WARN__DUPLICATE_METHOD_MATCH = YES;
				COPY_PHASE_STRIP = NO;
				DEBUG_INFORMATION_FORMAT = "dwarf-with-dsym";
				DEFINES_MODULE = NO;
				ENABLE_STRICT_OBJC_MSGSEND = YES;
				GCC_C_LANGUAGE_STANDARD = gnu99;
				GCC_DYNAMIC_NO_PIC = NO;
				GCC_NO_COMMON_BLOCKS = YES;
				GCC_OPTIMIZATION_LEVEL = 0;
				GCC_PREPROCESSOR_DEFINITIONS = (
					"DEBUG=1",
					"$(inherited)",
				);
				GCC_SYMBOLS_PRIVATE_EXTERN = NO;
				GCC_WARN_64_TO_32_BIT_CONVERSION = YES;
				GCC_WARN_ABOUT_RETURN_TYPE = YES_ERROR;
				GCC_WARN_UNDECLARED_SELECTOR = YES;
				GCC_WARN_UNINITIALIZED_AUTOS = YES_AGGRESSIVE;
				GCC_WARN_UNUSED_FUNCTION = YES;
				GCC_WARN_UNUSED_VARIABLE = YES;
				IPHONEOS_DEPLOYMENT_TARGET = 8.4;
				MTL_ENABLE_DEBUG_INFO = YES;
				ONLY_ACTIVE_ARCH = YES;
				SDKROOT = iphoneos;
				SWIFT_OPTIMIZATION_LEVEL = "-Onone";
			};
			name = Debug;
		};
		C2DFE5E01B56D2CB0090B55F /* Release */ = {
			isa = XCBuildConfiguration;
			buildSettings = {
				ALWAYS_SEARCH_USER_PATHS = NO;
				CLANG_CXX_LANGUAGE_STANDARD = "gnu++0x";
				CLANG_CXX_LIBRARY = "libc++";
				CLANG_ENABLE_MODULES = YES;
				CLANG_ENABLE_OBJC_ARC = YES;
				CLANG_WARN_BOOL_CONVERSION = YES;
				CLANG_WARN_CONSTANT_CONVERSION = YES;
				CLANG_WARN_DIRECT_OBJC_ISA_USAGE = YES_ERROR;
				CLANG_WARN_EMPTY_BODY = YES;
				CLANG_WARN_ENUM_CONVERSION = YES;
				CLANG_WARN_INT_CONVERSION = YES;
				CLANG_WARN_OBJC_ROOT_CLASS = YES_ERROR;
				CLANG_WARN_UNREACHABLE_CODE = YES;
				CLANG_WARN__DUPLICATE_METHOD_MATCH = YES;
				COPY_PHASE_STRIP = NO;
				DEBUG_INFORMATION_FORMAT = "dwarf-with-dsym";
				DEFINES_MODULE = NO;
				ENABLE_NS_ASSERTIONS = NO;
				ENABLE_STRICT_OBJC_MSGSEND = YES;
				GCC_C_LANGUAGE_STANDARD = gnu99;
				GCC_NO_COMMON_BLOCKS = YES;
				GCC_WARN_64_TO_32_BIT_CONVERSION = YES;
				GCC_WARN_ABOUT_RETURN_TYPE = YES_ERROR;
				GCC_WARN_UNDECLARED_SELECTOR = YES;
				GCC_WARN_UNINITIALIZED_AUTOS = YES_AGGRESSIVE;
				GCC_WARN_UNUSED_FUNCTION = YES;
				GCC_WARN_UNUSED_VARIABLE = YES;
				IPHONEOS_DEPLOYMENT_TARGET = 8.4;
				MTL_ENABLE_DEBUG_INFO = NO;
				SDKROOT = iphoneos;
				VALIDATE_PRODUCT = YES;
			};
			name = Release;
		};
		C2DFE5E21B56D2CB0090B55F /* Debug */ = {
			isa = XCBuildConfiguration;
			baseConfigurationReference = D524E6237781C1A38B7FCDF1 /* Pods-ShortTrips.debug.xcconfig */;
			buildSettings = {
				ASSETCATALOG_COMPILER_APPICON_NAME = AppIcon;
				CODE_SIGN_ENTITLEMENTS = ShortTrips/ShortTrips.entitlements;
				CODE_SIGN_IDENTITY = "iPhone Developer";
				"CODE_SIGN_IDENTITY[sdk=iphoneos*]" = "iPhone Developer";
				INFOPLIST_FILE = ShortTrips/Info.plist;
				IPHONEOS_DEPLOYMENT_TARGET = 8.0;
				LD_RUNPATH_SEARCH_PATHS = "$(inherited) @executable_path/Frameworks";
				PRODUCT_NAME = "$(TARGET_NAME)";
				PROVISIONING_PROFILE = "";
			};
			name = Debug;
		};
		C2DFE5E31B56D2CB0090B55F /* Release */ = {
			isa = XCBuildConfiguration;
			baseConfigurationReference = 6C387AE349CA07C52915EF9A /* Pods-ShortTrips.release.xcconfig */;
			buildSettings = {
				ASSETCATALOG_COMPILER_APPICON_NAME = AppIcon;
				CODE_SIGN_ENTITLEMENTS = ShortTrips/ShortTrips.entitlements;
				CODE_SIGN_IDENTITY = "iPhone Distribution: Exygy (HLT4EP89K7)";
				"CODE_SIGN_IDENTITY[sdk=iphoneos*]" = "iPhone Distribution: Exygy (HLT4EP89K7)";
				INFOPLIST_FILE = ShortTrips/Info.plist;
				IPHONEOS_DEPLOYMENT_TARGET = 8.0;
				LD_RUNPATH_SEARCH_PATHS = "$(inherited) @executable_path/Frameworks";
				PRODUCT_NAME = "$(TARGET_NAME)";
				PROVISIONING_PROFILE = "858c8a1b-85b8-4958-a9e6-50100dd3a238";
			};
			name = Release;
		};
		C2DFE5E51B56D2CB0090B55F /* Debug */ = {
			isa = XCBuildConfiguration;
			baseConfigurationReference = 74CF35C7BCD34379EA4B5AF4 /* Pods-ShortTripsTests.debug.xcconfig */;
			buildSettings = {
				BUNDLE_LOADER = "$(TEST_HOST)";
				FRAMEWORK_SEARCH_PATHS = (
					"$(SDKROOT)/Developer/Library/Frameworks",
					"$(inherited)",
				);
				GCC_PREPROCESSOR_DEFINITIONS = (
					"DEBUG=1",
					"$(inherited)",
				);
				INFOPLIST_FILE = ShortTripsTests/Info.plist;
				LD_RUNPATH_SEARCH_PATHS = "$(inherited) @executable_path/Frameworks @loader_path/Frameworks";
				PRODUCT_NAME = "$(TARGET_NAME)";
				TEST_HOST = "$(BUILT_PRODUCTS_DIR)/ShortTrips.app/ShortTrips";
			};
			name = Debug;
		};
		C2DFE5E61B56D2CB0090B55F /* Release */ = {
			isa = XCBuildConfiguration;
			baseConfigurationReference = 8C1EEE491F8AB773F5CE16CE /* Pods-ShortTripsTests.release.xcconfig */;
			buildSettings = {
				BUNDLE_LOADER = "$(TEST_HOST)";
				FRAMEWORK_SEARCH_PATHS = (
					"$(SDKROOT)/Developer/Library/Frameworks",
					"$(inherited)",
				);
				INFOPLIST_FILE = ShortTripsTests/Info.plist;
				LD_RUNPATH_SEARCH_PATHS = "$(inherited) @executable_path/Frameworks @loader_path/Frameworks";
				PRODUCT_NAME = "$(TARGET_NAME)";
				TEST_HOST = "$(BUILT_PRODUCTS_DIR)/ShortTrips.app/ShortTrips";
			};
			name = Release;
		};
/* End XCBuildConfiguration section */

/* Begin XCConfigurationList section */
		C2DFE5BD1B56D2CB0090B55F /* Build configuration list for PBXProject "ShortTrips" */ = {
			isa = XCConfigurationList;
			buildConfigurations = (
				C2DFE5DF1B56D2CB0090B55F /* Debug */,
				C2DFE5E01B56D2CB0090B55F /* Release */,
			);
			defaultConfigurationIsVisible = 0;
			defaultConfigurationName = Release;
		};
		C2DFE5E11B56D2CB0090B55F /* Build configuration list for PBXNativeTarget "ShortTrips" */ = {
			isa = XCConfigurationList;
			buildConfigurations = (
				C2DFE5E21B56D2CB0090B55F /* Debug */,
				C2DFE5E31B56D2CB0090B55F /* Release */,
			);
			defaultConfigurationIsVisible = 0;
			defaultConfigurationName = Release;
		};
		C2DFE5E41B56D2CB0090B55F /* Build configuration list for PBXNativeTarget "ShortTripsTests" */ = {
			isa = XCConfigurationList;
			buildConfigurations = (
				C2DFE5E51B56D2CB0090B55F /* Debug */,
				C2DFE5E61B56D2CB0090B55F /* Release */,
			);
			defaultConfigurationIsVisible = 0;
			defaultConfigurationName = Release;
		};
/* End XCConfigurationList section */
	};
	rootObject = C2DFE5BA1B56D2CB0090B55F /* Project object */;
}
